// !$*UTF8*$!
{
	archiveVersion = 1;
	classes = {
	};
	objectVersion = 46;
	objects = {

/* Begin PBXBuildFile section */
		18AB02B81E3619D20063AD1B /* AppDelegate.swift in Sources */ = {isa = PBXBuildFile; fileRef = 18AB02B71E3619D20063AD1B /* AppDelegate.swift */; };
		18AB02BA1E3619D20063AD1B /* ViewController.swift in Sources */ = {isa = PBXBuildFile; fileRef = 18AB02B91E3619D20063AD1B /* ViewController.swift */; };
		18AB02BD1E3619D20063AD1B /* Main.storyboard in Resources */ = {isa = PBXBuildFile; fileRef = 18AB02BB1E3619D20063AD1B /* Main.storyboard */; };
		18AB02BF1E3619D20063AD1B /* Assets.xcassets in Resources */ = {isa = PBXBuildFile; fileRef = 18AB02BE1E3619D20063AD1B /* Assets.xcassets */; };
		18AB02C21E3619D20063AD1B /* LaunchScreen.storyboard in Resources */ = {isa = PBXBuildFile; fileRef = 18AB02C01E3619D20063AD1B /* LaunchScreen.storyboard */; };
/* End PBXBuildFile section */

/* Begin PBXFileReference section */
		18AB02B41E3619D20063AD1B /* org.javacream.training.ios.first.app */ = {isa = PBXFileReference; explicitFileType = wrapper.application; includeInIndex = 0; path = org.javacream.training.ios.first.app; sourceTree = BUILT_PRODUCTS_DIR; };
		18AB02B71E3619D20063AD1B /* AppDelegate.swift */ = {isa = PBXFileReference; lastKnownFileType = sourcecode.swift; path = AppDelegate.swift; sourceTree = "<group>"; };
		18AB02B91E3619D20063AD1B /* ViewController.swift */ = {isa = PBXFileReference; lastKnownFileType = sourcecode.swift; path = ViewController.swift; sourceTree = "<group>"; };
		18AB02BC1E3619D20063AD1B /* Base */ = {isa = PBXFileReference; lastKnownFileType = file.storyboard; name = Base; path = Base.lproj/Main.storyboard; sourceTree = "<group>"; };
		18AB02BE1E3619D20063AD1B /* Assets.xcassets */ = {isa = PBXFileReference; lastKnownFileType = folder.assetcatalog; path = Assets.xcassets; sourceTree = "<group>"; };
		18AB02C11E3619D20063AD1B /* Base */ = {isa = PBXFileReference; lastKnownFileType = file.storyboard; name = Base; path = Base.lproj/LaunchScreen.storyboard; sourceTree = "<group>"; };
		18AB02C31E3619D20063AD1B /* Info.plist */ = {isa = PBXFileReference; lastKnownFileType = text.plist.xml; path = Info.plist; sourceTree = "<group>"; };
/* End PBXFileReference section */

/* Begin PBXFrameworksBuildPhase section */
		18AB02B11E3619D20063AD1B /* Frameworks */ = {
			isa = PBXFrameworksBuildPhase;
			buildActionMask = 2147483647;
			files = (
			);
			runOnlyForDeploymentPostprocessing = 0;
		};
/* End PBXFrameworksBuildPhase section */

/* Begin PBXGroup section */
		18AB02AB1E3619D20063AD1B = {
			isa = PBXGroup;
			children = (
				18AB02B61E3619D20063AD1B /* org.javacream.training.ios.first */,
				18AB02B51E3619D20063AD1B /* Products */,
			);
			sourceTree = "<group>";
		};
		18AB02B51E3619D20063AD1B /* Products */ = {
			isa = PBXGroup;
			children = (
				18AB02B41E3619D20063AD1B /* org.javacream.training.ios.first.app */,
			);
			name = Products;
			sourceTree = "<group>";
		};
		18AB02B61E3619D20063AD1B /* org.javacream.training.ios.first */ = {
			isa = PBXGroup;
			children = (
				18AB02B71E3619D20063AD1B /* AppDelegate.swift */,
				18AB02B91E3619D20063AD1B /* ViewController.swift */,
				18AB02BB1E3619D20063AD1B /* Main.storyboard */,
				18AB02BE1E3619D20063AD1B /* Assets.xcassets */,
				18AB02C01E3619D20063AD1B /* LaunchScreen.storyboard */,
				18AB02C31E3619D20063AD1B /* Info.plist */,
			);
			path = org.javacream.training.ios.first;
			sourceTree = "<group>";
		};
/* End PBXGroup section */

/* Begin PBXNativeTarget section */
		18AB02B31E3619D20063AD1B /* org.javacream.training.ios.first */ = {
			isa = PBXNativeTarget;
			buildConfigurationList = 18AB02C61E3619D20063AD1B /* Build configuration list for PBXNativeTarget "org.javacream.training.ios.first" */;
			buildPhases = (
				18AB02B01E3619D20063AD1B /* Sources */,
				18AB02B11E3619D20063AD1B /* Frameworks */,
				18AB02B21E3619D20063AD1B /* Resources */,
			);
			buildRules = (
			);
			dependencies = (
			);
			name = org.javacream.training.ios.first;
			productName = org.javacream.training.ios.first;
			productReference = 18AB02B41E3619D20063AD1B /* org.javacream.training.ios.first.app */;
			productType = "com.apple.product-type.application";
		};
/* End PBXNativeTarget section */

/* Begin PBXProject section */
		18AB02AC1E3619D20063AD1B /* Project object */ = {
			isa = PBXProject;
			attributes = {
				LastSwiftUpdateCheck = 0820;
				LastUpgradeCheck = 0820;
				ORGANIZATIONNAME = Javacream;
				TargetAttributes = {
					18AB02B31E3619D20063AD1B = {
						CreatedOnToolsVersion = 8.2.1;
						ProvisioningStyle = Automatic;
					};
				};
			};
			buildConfigurationList = 18AB02AF1E3619D20063AD1B /* Build configuration list for PBXProject "org.javacream.training.ios.first" */;
			compatibilityVersion = "Xcode 3.2";
			developmentRegion = English;
			hasScannedForEncodings = 0;
			knownRegions = (
				en,
				Base,
			);
			mainGroup = 18AB02AB1E3619D20063AD1B;
			productRefGroup = 18AB02B51E3619D20063AD1B /* Products */;
			projectDirPath = "";
			projectRoot = "";
			targets = (
				18AB02B31E3619D20063AD1B /* org.javacream.training.ios.first */,
			);
		};
/* End PBXProject section */

/* Begin PBXResourcesBuildPhase section */
		18AB02B21E3619D20063AD1B /* Resources */ = {
			isa = PBXResourcesBuildPhase;
			buildActionMask = 2147483647;
			files = (
				18AB02C21E3619D20063AD1B /* LaunchScreen.storyboard in Resources */,
				18AB02BF1E3619D20063AD1B /* Assets.xcassets in Resources */,
				18AB02BD1E3619D20063AD1B /* Main.storyboard in Resources */,
			);
			runOnlyForDeploymentPostprocessing = 0;
		};
/* End PBXResourcesBuildPhase section */

/* Begin PBXSourcesBuildPhase section */
		18AB02B01E3619D20063AD1B /* Sources */ = {
			isa = PBXSourcesBuildPhase;
			buildActionMask = 2147483647;
			files = (
				18AB02BA1E3619D20063AD1B /* ViewController.swift in Sources */,
				18AB02B81E3619D20063AD1B /* AppDelegate.swift in Sources */,
			);
			runOnlyForDeploymentPostprocessing = 0;
		};
/* End PBXSourcesBuildPhase section */

/* Begin PBXVariantGroup section */
		18AB02BB1E3619D20063AD1B /* Main.storyboard */ = {
			isa = PBXVariantGroup;
			children = (
				18AB02BC1E3619D20063AD1B /* Base */,
			);
			name = Main.storyboard;
			sourceTree = "<group>";
		};
		18AB02C01E3619D20063AD1B /* LaunchScreen.storyboard */ = {
			isa = PBXVariantGroup;
			children = (
				18AB02C11E3619D20063AD1B /* Base */,
			);
			name = LaunchScreen.storyboard;
			sourceTree = "<group>";
		};
/* End PBXVariantGroup section */

/* Begin XCBuildConfiguration section */
		18AB02C41E3619D20063AD1B /* Debug */ = {
			isa = XCBuildConfiguration;
			buildSettings = {
				ALWAYS_SEARCH_USER_PATHS = NO;
				CLANG_ANALYZER_NONNULL = YES;
				CLANG_CXX_LANGUAGE_STANDARD = "gnu++0x";
				CLANG_CXX_LIBRARY = "libc++";
				CLANG_ENABLE_MODULES = YES;
				CLANG_ENABLE_OBJC_ARC = YES;
				CLANG_WARN_BOOL_CONVERSION = YES;
				CLANG_WARN_CONSTANT_CONVERSION = YES;
				CLANG_WARN_DIRECT_OBJC_ISA_USAGE = YES_ERROR;
				CLANG_WARN_DOCUMENTATION_COMMENTS = YES;
				CLANG_WARN_EMPTY_BODY = YES;
				CLANG_WARN_ENUM_CONVERSION = YES;
				CLANG_WARN_INFINITE_RECURSION = YES;
				CLANG_WARN_INT_CONVERSION = YES;
				CLANG_WARN_OBJC_ROOT_CLASS = YES_ERROR;
				CLANG_WARN_SUSPICIOUS_MOVE = YES;
				CLANG_WARN_UNREACHABLE_CODE = YES;
				CLANG_WARN__DUPLICATE_METHOD_MATCH = YES;
				"CODE_SIGN_IDENTITY[sdk=iphoneos*]" = "iPhone Developer";
				COPY_PHASE_STRIP = NO;
				DEBUG_INFORMATION_FORMAT = dwarf;
				ENABLE_STRICT_OBJC_MSGSEND = YES;
				ENABLE_TESTABILITY = YES;
				GCC_C_LANGUAGE_STANDARD = gnu99;
				GCC_DYNAMIC_NO_PIC = NO;
				GCC_NO_COMMON_BLOCKS = YES;
				GCC_OPTIMIZATION_LEVEL = 0;
				GCC_PREPROCESSOR_DEFINITIONS = (
					"DEBUG=1",
					"$(inherited)",
				);
				GCC_WARN_64_TO_32_BIT_CONVERSION = YES;
				GCC_WARN_ABOUT_RETURN_TYPE = YES_ERROR;
				GCC_WARN_UNDECLARED_SELECTOR = YES;
				GCC_WARN_UNINITIALIZED_AUTOS = YES_AGGRESSIVE;
				GCC_WARN_UNUSED_FUNCTION = YES;
				GCC_WARN_UNUSED_VARIABLE = YES;
				IPHONEOS_DEPLOYMENT_TARGET = 10.2;
				MTL_ENABLE_DEBUG_INFO = YES;
				ONLY_ACTIVE_ARCH = YES;
				SDKROOT = iphoneos;
				SWIFT_ACTIVE_COMPILATION_CONDITIONS = DEBUG;
				SWIFT_OPTIMIZATION_LEVEL = "-Onone";
				TARGETED_DEVICE_FAMILY = "1,2";
			};
			name = Debug;
		};
		18AB02C51E3619D20063AD1B /* Release */ = {
			isa = XCBuildConfiguration;
			buildSettings = {
				ALWAYS_SEARCH_USER_PATHS = NO;
				CLANG_ANALYZER_NONNULL = YES;
				CLANG_CXX_LANGUAGE_STANDARD = "gnu++0x";
				CLANG_CXX_LIBRARY = "libc++";
				CLANG_ENABLE_MODULES = YES;
				CLANG_ENABLE_OBJC_ARC = YES;
				CLANG_WARN_BOOL_CONVERSION = YES;
				CLANG_WARN_CONSTANT_CONVERSION = YES;
				CLANG_WARN_DIRECT_OBJC_ISA_USAGE = YES_ERROR;
				CLANG_WARN_DOCUMENTATION_COMMENTS = YES;
				CLANG_WARN_EMPTY_BODY = YES;
				CLANG_WARN_ENUM_CONVERSION = YES;
				CLANG_WARN_INFINITE_RECURSION = YES;
				CLANG_WARN_INT_CONVERSION = YES;
				CLANG_WARN_OBJC_ROOT_CLASS = YES_ERROR;
				CLANG_WARN_SUSPICIOUS_MOVE = YES;
				CLANG_WARN_UNREACHABLE_CODE = YES;
				CLANG_WARN__DUPLICATE_METHOD_MATCH = YES;
				"CODE_SIGN_IDENTITY[sdk=iphoneos*]" = "iPhone Developer";
				COPY_PHASE_STRIP = NO;
				DEBUG_INFORMATION_FORMAT = "dwarf-with-dsym";
				ENABLE_NS_ASSERTIONS = NO;
				ENABLE_STRICT_OBJC_MSGSEND = YES;
				GCC_C_LANGUAGE_STANDARD = gnu99;
				GCC_NO_COMMON_BLOCKS = YES;
				GCC_WARN_64_TO_32_BIT_CONVERSION = YES;
				GCC_WARN_ABOUT_RETURN_TYPE = YES_ERROR;
				GCC_WARN_UNDECLARED_SELECTOR = YES;
				GCC_WARN_UNINITIALIZED_AUTOS = YES_AGGRESSIVE;
				GCC_WARN_UNUSED_FUNCTION = YES;
				GCC_WARN_UNUSED_VARIABLE = YES;
				IPHONEOS_DEPLOYMENT_TARGET = 10.2;
				MTL_ENABLE_DEBUG_INFO = NO;
				SDKROOT = iphoneos;
				SWIFT_OPTIMIZATION_LEVEL = "-Owholemodule";
				TARGETED_DEVICE_FAMILY = "1,2";
				VALIDATE_PRODUCT = YES;
			};
			name = Release;
		};
		18AB02C71E3619D20063AD1B /* Debug */ = {
			isa = XCBuildConfiguration;
			buildSettings = {
				ASSETCATALOG_COMPILER_APPICON_NAME = AppIcon;
				INFOPLIST_FILE = org.javacream.training.ios.first/Info.plist;
				LD_RUNPATH_SEARCH_PATHS = "$(inherited) @executable_path/Frameworks";
				PRODUCT_BUNDLE_IDENTIFIER = "Javacream.org-javacream-training-ios-first";
				PRODUCT_NAME = "$(TARGET_NAME)";
				SWIFT_VERSION = 3.0;
			};
			name = Debug;
		};
		18AB02C81E3619D20063AD1B /* Release */ = {
			isa = XCBuildConfiguration;
			buildSettings = {
				ASSETCATALOG_COMPILER_APPICON_NAME = AppIcon;
				INFOPLIST_FILE = org.javacream.training.ios.first/Info.plist;
				LD_RUNPATH_SEARCH_PATHS = "$(inherited) @executable_path/Frameworks";
				PRODUCT_BUNDLE_IDENTIFIER = "Javacream.org-javacream-training-ios-first";
				PRODUCT_NAME = "$(TARGET_NAME)";
				SWIFT_VERSION = 3.0;
			};
			name = Release;
		};
/* End XCBuildConfiguration section */

/* Begin XCConfigurationList section */
		18AB02AF1E3619D20063AD1B /* Build configuration list for PBXProject "org.javacream.training.ios.first" */ = {
			isa = XCConfigurationList;
			buildConfigurations = (
				18AB02C41E3619D20063AD1B /* Debug */,
				18AB02C51E3619D20063AD1B /* Release */,
			);
			defaultConfigurationIsVisible = 0;
			defaultConfigurationName = Release;
		};
		18AB02C61E3619D20063AD1B /* Build configuration list for PBXNativeTarget "org.javacream.training.ios.first" */ = {
			isa = XCConfigurationList;
			buildConfigurations = (
				18AB02C71E3619D20063AD1B /* Debug */,
				18AB02C81E3619D20063AD1B /* Release */,
			);
			defaultConfigurationIsVisible = 0;
		};
/* End XCConfigurationList section */
	};
	rootObject = 18AB02AC1E3619D20063AD1B /* Project object */;
}
