// !$*UTF8*$!
{
	archiveVersion = 1;
	classes = {
	};
	objectVersion = 50;
	objects = {

/* Begin PBXBuildFile section */
		18FD1037214BB32B0050DA11 /* AppDelegate.swift in Sources */ = {isa = PBXBuildFile; fileRef = 18FD1036214BB32B0050DA11 /* AppDelegate.swift */; };
		18FD1039214BB32B0050DA11 /* GreeterViewController.swift in Sources */ = {isa = PBXBuildFile; fileRef = 18FD1038214BB32B0050DA11 /* GreeterViewController.swift */; };
		18FD103C214BB32B0050DA11 /* Main.storyboard in Resources */ = {isa = PBXBuildFile; fileRef = 18FD103A214BB32B0050DA11 /* Main.storyboard */; };
		18FD103E214BB32C0050DA11 /* Assets.xcassets in Resources */ = {isa = PBXBuildFile; fileRef = 18FD103D214BB32C0050DA11 /* Assets.xcassets */; };
		18FD1041214BB32C0050DA11 /* LaunchScreen.storyboard in Resources */ = {isa = PBXBuildFile; fileRef = 18FD103F214BB32C0050DA11 /* LaunchScreen.storyboard */; };
		18FD104C214BB32C0050DA11 /* GreeterTests.swift in Sources */ = {isa = PBXBuildFile; fileRef = 18FD104B214BB32C0050DA11 /* GreeterTests.swift */; };
		18FD1057214BB32C0050DA11 /* org_javacream_training_ios_greeterUITests.swift in Sources */ = {isa = PBXBuildFile; fileRef = 18FD1056214BB32C0050DA11 /* org_javacream_training_ios_greeterUITests.swift */; };
		18FD1065214BB3590050DA11 /* GreeterModel.swift in Sources */ = {isa = PBXBuildFile; fileRef = 18FD1064214BB3590050DA11 /* GreeterModel.swift */; };
		18FD1067214BB4710050DA11 /* GreeterApplicationContext.swift in Sources */ = {isa = PBXBuildFile; fileRef = 18FD1066214BB4710050DA11 /* GreeterApplicationContext.swift */; };
		18FD1069214BB5390050DA11 /* GreeterController.swift in Sources */ = {isa = PBXBuildFile; fileRef = 18FD1068214BB5390050DA11 /* GreeterController.swift */; };
		18FD106B214BB57E0050DA11 /* Utility.swift in Sources */ = {isa = PBXBuildFile; fileRef = 18FD106A214BB57E0050DA11 /* Utility.swift */; };
/* End PBXBuildFile section */

/* Begin PBXContainerItemProxy section */
		18FD1048214BB32C0050DA11 /* PBXContainerItemProxy */ = {
			isa = PBXContainerItemProxy;
			containerPortal = 18FD102B214BB32B0050DA11 /* Project object */;
			proxyType = 1;
			remoteGlobalIDString = 18FD1032214BB32B0050DA11;
			remoteInfo = org.javacream.training.ios.greeter;
		};
		18FD1053214BB32C0050DA11 /* PBXContainerItemProxy */ = {
			isa = PBXContainerItemProxy;
			containerPortal = 18FD102B214BB32B0050DA11 /* Project object */;
			proxyType = 1;
			remoteGlobalIDString = 18FD1032214BB32B0050DA11;
			remoteInfo = org.javacream.training.ios.greeter;
		};
/* End PBXContainerItemProxy section */

/* Begin PBXFileReference section */
		18FD1033214BB32B0050DA11 /* org.javacream.training.ios.greeter.app */ = {isa = PBXFileReference; explicitFileType = wrapper.application; includeInIndex = 0; path = org.javacream.training.ios.greeter.app; sourceTree = BUILT_PRODUCTS_DIR; };
		18FD1036214BB32B0050DA11 /* AppDelegate.swift */ = {isa = PBXFileReference; lastKnownFileType = sourcecode.swift; path = AppDelegate.swift; sourceTree = "<group>"; };
		18FD1038214BB32B0050DA11 /* GreeterViewController.swift */ = {isa = PBXFileReference; lastKnownFileType = sourcecode.swift; path = GreeterViewController.swift; sourceTree = "<group>"; };
		18FD103B214BB32B0050DA11 /* Base */ = {isa = PBXFileReference; lastKnownFileType = file.storyboard; name = Base; path = Base.lproj/Main.storyboard; sourceTree = "<group>"; };
		18FD103D214BB32C0050DA11 /* Assets.xcassets */ = {isa = PBXFileReference; lastKnownFileType = folder.assetcatalog; path = Assets.xcassets; sourceTree = "<group>"; };
		18FD1040214BB32C0050DA11 /* Base */ = {isa = PBXFileReference; lastKnownFileType = file.storyboard; name = Base; path = Base.lproj/LaunchScreen.storyboard; sourceTree = "<group>"; };
		18FD1042214BB32C0050DA11 /* Info.plist */ = {isa = PBXFileReference; lastKnownFileType = text.plist.xml; path = Info.plist; sourceTree = "<group>"; };
		18FD1047214BB32C0050DA11 /* org.javacream.training.ios.greeterTests.xctest */ = {isa = PBXFileReference; explicitFileType = wrapper.cfbundle; includeInIndex = 0; path = org.javacream.training.ios.greeterTests.xctest; sourceTree = BUILT_PRODUCTS_DIR; };
		18FD104B214BB32C0050DA11 /* GreeterTests.swift */ = {isa = PBXFileReference; lastKnownFileType = sourcecode.swift; path = GreeterTests.swift; sourceTree = "<group>"; };
		18FD104D214BB32C0050DA11 /* Info.plist */ = {isa = PBXFileReference; lastKnownFileType = text.plist.xml; path = Info.plist; sourceTree = "<group>"; };
		18FD1052214BB32C0050DA11 /* org.javacream.training.ios.greeterUITests.xctest */ = {isa = PBXFileReference; explicitFileType = wrapper.cfbundle; includeInIndex = 0; path = org.javacream.training.ios.greeterUITests.xctest; sourceTree = BUILT_PRODUCTS_DIR; };
		18FD1056214BB32C0050DA11 /* org_javacream_training_ios_greeterUITests.swift */ = {isa = PBXFileReference; lastKnownFileType = sourcecode.swift; path = org_javacream_training_ios_greeterUITests.swift; sourceTree = "<group>"; };
		18FD1058214BB32C0050DA11 /* Info.plist */ = {isa = PBXFileReference; lastKnownFileType = text.plist.xml; path = Info.plist; sourceTree = "<group>"; };
		18FD1064214BB3590050DA11 /* GreeterModel.swift */ = {isa = PBXFileReference; lastKnownFileType = sourcecode.swift; path = GreeterModel.swift; sourceTree = "<group>"; };
		18FD1066214BB4710050DA11 /* GreeterApplicationContext.swift */ = {isa = PBXFileReference; lastKnownFileType = sourcecode.swift; path = GreeterApplicationContext.swift; sourceTree = "<group>"; };
		18FD1068214BB5390050DA11 /* GreeterController.swift */ = {isa = PBXFileReference; lastKnownFileType = sourcecode.swift; path = GreeterController.swift; sourceTree = "<group>"; };
		18FD106A214BB57E0050DA11 /* Utility.swift */ = {isa = PBXFileReference; lastKnownFileType = sourcecode.swift; path = Utility.swift; sourceTree = "<group>"; };
/* End PBXFileReference section */

/* Begin PBXFrameworksBuildPhase section */
		18FD1030214BB32B0050DA11 /* Frameworks */ = {
			isa = PBXFrameworksBuildPhase;
			buildActionMask = 2147483647;
			files = (
			);
			runOnlyForDeploymentPostprocessing = 0;
		};
		18FD1044214BB32C0050DA11 /* Frameworks */ = {
			isa = PBXFrameworksBuildPhase;
			buildActionMask = 2147483647;
			files = (
			);
			runOnlyForDeploymentPostprocessing = 0;
		};
		18FD104F214BB32C0050DA11 /* Frameworks */ = {
			isa = PBXFrameworksBuildPhase;
			buildActionMask = 2147483647;
			files = (
			);
			runOnlyForDeploymentPostprocessing = 0;
		};
/* End PBXFrameworksBuildPhase section */

/* Begin PBXGroup section */
		18FD102A214BB32A0050DA11 = {
			isa = PBXGroup;
			children = (
				18FD1035214BB32B0050DA11 /* org.javacream.training.ios.greeter */,
				18FD104A214BB32C0050DA11 /* org.javacream.training.ios.greeterTests */,
				18FD1055214BB32C0050DA11 /* org.javacream.training.ios.greeterUITests */,
				18FD1034214BB32B0050DA11 /* Products */,
			);
			sourceTree = "<group>";
		};
		18FD1034214BB32B0050DA11 /* Products */ = {
			isa = PBXGroup;
			children = (
				18FD1033214BB32B0050DA11 /* org.javacream.training.ios.greeter.app */,
				18FD1047214BB32C0050DA11 /* org.javacream.training.ios.greeterTests.xctest */,
				18FD1052214BB32C0050DA11 /* org.javacream.training.ios.greeterUITests.xctest */,
			);
			name = Products;
			sourceTree = "<group>";
		};
		18FD1035214BB32B0050DA11 /* org.javacream.training.ios.greeter */ = {
			isa = PBXGroup;
			children = (
				18FD106A214BB57E0050DA11 /* Utility.swift */,
				18FD1036214BB32B0050DA11 /* AppDelegate.swift */,
				18FD1064214BB3590050DA11 /* GreeterModel.swift */,
				18FD1038214BB32B0050DA11 /* GreeterViewController.swift */,
				18FD1066214BB4710050DA11 /* GreeterApplicationContext.swift */,
				18FD1068214BB5390050DA11 /* GreeterController.swift */,
				18FD103A214BB32B0050DA11 /* Main.storyboard */,
				18FD103D214BB32C0050DA11 /* Assets.xcassets */,
				18FD103F214BB32C0050DA11 /* LaunchScreen.storyboard */,
				18FD1042214BB32C0050DA11 /* Info.plist */,
			);
			path = org.javacream.training.ios.greeter;
			sourceTree = "<group>";
		};
		18FD104A214BB32C0050DA11 /* org.javacream.training.ios.greeterTests */ = {
			isa = PBXGroup;
			children = (
				18FD104B214BB32C0050DA11 /* GreeterTests.swift */,
				18FD104D214BB32C0050DA11 /* Info.plist */,
			);
			path = org.javacream.training.ios.greeterTests;
			sourceTree = "<group>";
		};
		18FD1055214BB32C0050DA11 /* org.javacream.training.ios.greeterUITests */ = {
			isa = PBXGroup;
			children = (
				18FD1056214BB32C0050DA11 /* org_javacream_training_ios_greeterUITests.swift */,
				18FD1058214BB32C0050DA11 /* Info.plist */,
			);
			path = org.javacream.training.ios.greeterUITests;
			sourceTree = "<group>";
		};
/* End PBXGroup section */

/* Begin PBXNativeTarget section */
		18FD1032214BB32B0050DA11 /* org.javacream.training.ios.greeter */ = {
			isa = PBXNativeTarget;
			buildConfigurationList = 18FD105B214BB32C0050DA11 /* Build configuration list for PBXNativeTarget "org.javacream.training.ios.greeter" */;
			buildPhases = (
				18FD102F214BB32B0050DA11 /* Sources */,
				18FD1030214BB32B0050DA11 /* Frameworks */,
				18FD1031214BB32B0050DA11 /* Resources */,
			);
			buildRules = (
			);
			dependencies = (
			);
			name = org.javacream.training.ios.greeter;
			productName = org.javacream.training.ios.greeter;
			productReference = 18FD1033214BB32B0050DA11 /* org.javacream.training.ios.greeter.app */;
			productType = "com.apple.product-type.application";
		};
		18FD1046214BB32C0050DA11 /* org.javacream.training.ios.greeterTests */ = {
			isa = PBXNativeTarget;
			buildConfigurationList = 18FD105E214BB32C0050DA11 /* Build configuration list for PBXNativeTarget "org.javacream.training.ios.greeterTests" */;
			buildPhases = (
				18FD1043214BB32C0050DA11 /* Sources */,
				18FD1044214BB32C0050DA11 /* Frameworks */,
				18FD1045214BB32C0050DA11 /* Resources */,
			);
			buildRules = (
			);
			dependencies = (
				18FD1049214BB32C0050DA11 /* PBXTargetDependency */,
			);
			name = org.javacream.training.ios.greeterTests;
			productName = org.javacream.training.ios.greeterTests;
			productReference = 18FD1047214BB32C0050DA11 /* org.javacream.training.ios.greeterTests.xctest */;
			productType = "com.apple.product-type.bundle.unit-test";
		};
		18FD1051214BB32C0050DA11 /* org.javacream.training.ios.greeterUITests */ = {
			isa = PBXNativeTarget;
			buildConfigurationList = 18FD1061214BB32C0050DA11 /* Build configuration list for PBXNativeTarget "org.javacream.training.ios.greeterUITests" */;
			buildPhases = (
				18FD104E214BB32C0050DA11 /* Sources */,
				18FD104F214BB32C0050DA11 /* Frameworks */,
				18FD1050214BB32C0050DA11 /* Resources */,
			);
			buildRules = (
			);
			dependencies = (
				18FD1054214BB32C0050DA11 /* PBXTargetDependency */,
			);
			name = org.javacream.training.ios.greeterUITests;
			productName = org.javacream.training.ios.greeterUITests;
			productReference = 18FD1052214BB32C0050DA11 /* org.javacream.training.ios.greeterUITests.xctest */;
			productType = "com.apple.product-type.bundle.ui-testing";
		};
/* End PBXNativeTarget section */

/* Begin PBXProject section */
		18FD102B214BB32B0050DA11 /* Project object */ = {
			isa = PBXProject;
			attributes = {
				LastSwiftUpdateCheck = 0940;
				LastUpgradeCheck = 0940;
				ORGANIZATIONNAME = Javacream;
				TargetAttributes = {
					18FD1032214BB32B0050DA11 = {
						CreatedOnToolsVersion = 9.4.1;
					};
					18FD1046214BB32C0050DA11 = {
						CreatedOnToolsVersion = 9.4.1;
						TestTargetID = 18FD1032214BB32B0050DA11;
					};
					18FD1051214BB32C0050DA11 = {
						CreatedOnToolsVersion = 9.4.1;
						TestTargetID = 18FD1032214BB32B0050DA11;
					};
				};
			};
			buildConfigurationList = 18FD102E214BB32B0050DA11 /* Build configuration list for PBXProject "org.javacream.training.ios.greeter" */;
			compatibilityVersion = "Xcode 9.3";
			developmentRegion = en;
			hasScannedForEncodings = 0;
			knownRegions = (
				en,
				Base,
			);
			mainGroup = 18FD102A214BB32A0050DA11;
			productRefGroup = 18FD1034214BB32B0050DA11 /* Products */;
			projectDirPath = "";
			projectRoot = "";
			targets = (
				18FD1032214BB32B0050DA11 /* org.javacream.training.ios.greeter */,
				18FD1046214BB32C0050DA11 /* org.javacream.training.ios.greeterTests */,
				18FD1051214BB32C0050DA11 /* org.javacream.training.ios.greeterUITests */,
			);
		};
/* End PBXProject section */

/* Begin PBXResourcesBuildPhase section */
		18FD1031214BB32B0050DA11 /* Resources */ = {
			isa = PBXResourcesBuildPhase;
			buildActionMask = 2147483647;
			files = (
				18FD1041214BB32C0050DA11 /* LaunchScreen.storyboard in Resources */,
				18FD103E214BB32C0050DA11 /* Assets.xcassets in Resources */,
				18FD103C214BB32B0050DA11 /* Main.storyboard in Resources */,
			);
			runOnlyForDeploymentPostprocessing = 0;
		};
		18FD1045214BB32C0050DA11 /* Resources */ = {
			isa = PBXResourcesBuildPhase;
			buildActionMask = 2147483647;
			files = (
			);
			runOnlyForDeploymentPostprocessing = 0;
		};
		18FD1050214BB32C0050DA11 /* Resources */ = {
			isa = PBXResourcesBuildPhase;
			buildActionMask = 2147483647;
			files = (
			);
			runOnlyForDeploymentPostprocessing = 0;
		};
/* End PBXResourcesBuildPhase section */

/* Begin PBXSourcesBuildPhase section */
		18FD102F214BB32B0050DA11 /* Sources */ = {
			isa = PBXSourcesBuildPhase;
			buildActionMask = 2147483647;
			files = (
				18FD1065214BB3590050DA11 /* GreeterModel.swift in Sources */,
				18FD1067214BB4710050DA11 /* GreeterApplicationContext.swift in Sources */,
				18FD106B214BB57E0050DA11 /* Utility.swift in Sources */,
				18FD1039214BB32B0050DA11 /* GreeterViewController.swift in Sources */,
				18FD1037214BB32B0050DA11 /* AppDelegate.swift in Sources */,
				18FD1069214BB5390050DA11 /* GreeterController.swift in Sources */,
			);
			runOnlyForDeploymentPostprocessing = 0;
		};
		18FD1043214BB32C0050DA11 /* Sources */ = {
			isa = PBXSourcesBuildPhase;
			buildActionMask = 2147483647;
			files = (
				18FD104C214BB32C0050DA11 /* GreeterTests.swift in Sources */,
			);
			runOnlyForDeploymentPostprocessing = 0;
		};
		18FD104E214BB32C0050DA11 /* Sources */ = {
			isa = PBXSourcesBuildPhase;
			buildActionMask = 2147483647;
			files = (
				18FD1057214BB32C0050DA11 /* org_javacream_training_ios_greeterUITests.swift in Sources */,
			);
			runOnlyForDeploymentPostprocessing = 0;
		};
/* End PBXSourcesBuildPhase section */

/* Begin PBXTargetDependency section */
		18FD1049214BB32C0050DA11 /* PBXTargetDependency */ = {
			isa = PBXTargetDependency;
			target = 18FD1032214BB32B0050DA11 /* org.javacream.training.ios.greeter */;
			targetProxy = 18FD1048214BB32C0050DA11 /* PBXContainerItemProxy */;
		};
		18FD1054214BB32C0050DA11 /* PBXTargetDependency */ = {
			isa = PBXTargetDependency;
			target = 18FD1032214BB32B0050DA11 /* org.javacream.training.ios.greeter */;
			targetProxy = 18FD1053214BB32C0050DA11 /* PBXContainerItemProxy */;
		};
/* End PBXTargetDependency section */

/* Begin PBXVariantGroup section */
		18FD103A214BB32B0050DA11 /* Main.storyboard */ = {
			isa = PBXVariantGroup;
			children = (
				18FD103B214BB32B0050DA11 /* Base */,
			);
			name = Main.storyboard;
			sourceTree = "<group>";
		};
		18FD103F214BB32C0050DA11 /* LaunchScreen.storyboard */ = {
			isa = PBXVariantGroup;
			children = (
				18FD1040214BB32C0050DA11 /* Base */,
			);
			name = LaunchScreen.storyboard;
			sourceTree = "<group>";
		};
/* End PBXVariantGroup section */

/* Begin XCBuildConfiguration section */
		18FD1059214BB32C0050DA11 /* Debug */ = {
			isa = XCBuildConfiguration;
			buildSettings = {
				ALWAYS_SEARCH_USER_PATHS = NO;
				CLANG_ANALYZER_NONNULL = YES;
				CLANG_ANALYZER_NUMBER_OBJECT_CONVERSION = YES_AGGRESSIVE;
				CLANG_CXX_LANGUAGE_STANDARD = "gnu++14";
				CLANG_CXX_LIBRARY = "libc++";
				CLANG_ENABLE_MODULES = YES;
				CLANG_ENABLE_OBJC_ARC = YES;
				CLANG_ENABLE_OBJC_WEAK = YES;
				CLANG_WARN_BLOCK_CAPTURE_AUTORELEASING = YES;
				CLANG_WARN_BOOL_CONVERSION = YES;
				CLANG_WARN_COMMA = YES;
				CLANG_WARN_CONSTANT_CONVERSION = YES;
				CLANG_WARN_DEPRECATED_OBJC_IMPLEMENTATIONS = YES;
				CLANG_WARN_DIRECT_OBJC_ISA_USAGE = YES_ERROR;
				CLANG_WARN_DOCUMENTATION_COMMENTS = YES;
				CLANG_WARN_EMPTY_BODY = YES;
				CLANG_WARN_ENUM_CONVERSION = YES;
				CLANG_WARN_INFINITE_RECURSION = YES;
				CLANG_WARN_INT_CONVERSION = YES;
				CLANG_WARN_NON_LITERAL_NULL_CONVERSION = YES;
				CLANG_WARN_OBJC_IMPLICIT_RETAIN_SELF = YES;
				CLANG_WARN_OBJC_LITERAL_CONVERSION = YES;
				CLANG_WARN_OBJC_ROOT_CLASS = YES_ERROR;
				CLANG_WARN_RANGE_LOOP_ANALYSIS = YES;
				CLANG_WARN_STRICT_PROTOTYPES = YES;
				CLANG_WARN_SUSPICIOUS_MOVE = YES;
				CLANG_WARN_UNGUARDED_AVAILABILITY = YES_AGGRESSIVE;
				CLANG_WARN_UNREACHABLE_CODE = YES;
				CLANG_WARN__DUPLICATE_METHOD_MATCH = YES;
				CODE_SIGN_IDENTITY = "iPhone Developer";
				COPY_PHASE_STRIP = NO;
				DEBUG_INFORMATION_FORMAT = dwarf;
				ENABLE_STRICT_OBJC_MSGSEND = YES;
				ENABLE_TESTABILITY = YES;
				GCC_C_LANGUAGE_STANDARD = gnu11;
				GCC_DYNAMIC_NO_PIC = NO;
				GCC_NO_COMMON_BLOCKS = YES;
				GCC_OPTIMIZATION_LEVEL = 0;
				GCC_PREPROCESSOR_DEFINITIONS = (
					"DEBUG=1",
					"$(inherited)",
				);
				GCC_WARN_64_TO_32_BIT_CONVERSION = YES;
				GCC_WARN_ABOUT_RETURN_TYPE = YES_ERROR;
				GCC_WARN_UNDECLARED_SELECTOR = YES;
				GCC_WARN_UNINITIALIZED_AUTOS = YES_AGGRESSIVE;
				GCC_WARN_UNUSED_FUNCTION = YES;
				GCC_WARN_UNUSED_VARIABLE = YES;
				IPHONEOS_DEPLOYMENT_TARGET = 11.4;
				MTL_ENABLE_DEBUG_INFO = YES;
				ONLY_ACTIVE_ARCH = YES;
				SDKROOT = iphoneos;
				SWIFT_ACTIVE_COMPILATION_CONDITIONS = DEBUG;
				SWIFT_OPTIMIZATION_LEVEL = "-Onone";
			};
			name = Debug;
		};
		18FD105A214BB32C0050DA11 /* Release */ = {
			isa = XCBuildConfiguration;
			buildSettings = {
				ALWAYS_SEARCH_USER_PATHS = NO;
				CLANG_ANALYZER_NONNULL = YES;
				CLANG_ANALYZER_NUMBER_OBJECT_CONVERSION = YES_AGGRESSIVE;
				CLANG_CXX_LANGUAGE_STANDARD = "gnu++14";
				CLANG_CXX_LIBRARY = "libc++";
				CLANG_ENABLE_MODULES = YES;
				CLANG_ENABLE_OBJC_ARC = YES;
				CLANG_ENABLE_OBJC_WEAK = YES;
				CLANG_WARN_BLOCK_CAPTURE_AUTORELEASING = YES;
				CLANG_WARN_BOOL_CONVERSION = YES;
				CLANG_WARN_COMMA = YES;
				CLANG_WARN_CONSTANT_CONVERSION = YES;
				CLANG_WARN_DEPRECATED_OBJC_IMPLEMENTATIONS = YES;
				CLANG_WARN_DIRECT_OBJC_ISA_USAGE = YES_ERROR;
				CLANG_WARN_DOCUMENTATION_COMMENTS = YES;
				CLANG_WARN_EMPTY_BODY = YES;
				CLANG_WARN_ENUM_CONVERSION = YES;
				CLANG_WARN_INFINITE_RECURSION = YES;
				CLANG_WARN_INT_CONVERSION = YES;
				CLANG_WARN_NON_LITERAL_NULL_CONVERSION = YES;
				CLANG_WARN_OBJC_IMPLICIT_RETAIN_SELF = YES;
				CLANG_WARN_OBJC_LITERAL_CONVERSION = YES;
				CLANG_WARN_OBJC_ROOT_CLASS = YES_ERROR;
				CLANG_WARN_RANGE_LOOP_ANALYSIS = YES;
				CLANG_WARN_STRICT_PROTOTYPES = YES;
				CLANG_WARN_SUSPICIOUS_MOVE = YES;
				CLANG_WARN_UNGUARDED_AVAILABILITY = YES_AGGRESSIVE;
				CLANG_WARN_UNREACHABLE_CODE = YES;
				CLANG_WARN__DUPLICATE_METHOD_MATCH = YES;
				CODE_SIGN_IDENTITY = "iPhone Developer";
				COPY_PHASE_STRIP = NO;
				DEBUG_INFORMATION_FORMAT = "dwarf-with-dsym";
				ENABLE_NS_ASSERTIONS = NO;
				ENABLE_STRICT_OBJC_MSGSEND = YES;
				GCC_C_LANGUAGE_STANDARD = gnu11;
				GCC_NO_COMMON_BLOCKS = YES;
				GCC_WARN_64_TO_32_BIT_CONVERSION = YES;
				GCC_WARN_ABOUT_RETURN_TYPE = YES_ERROR;
				GCC_WARN_UNDECLARED_SELECTOR = YES;
				GCC_WARN_UNINITIALIZED_AUTOS = YES_AGGRESSIVE;
				GCC_WARN_UNUSED_FUNCTION = YES;
				GCC_WARN_UNUSED_VARIABLE = YES;
				IPHONEOS_DEPLOYMENT_TARGET = 11.4;
				MTL_ENABLE_DEBUG_INFO = NO;
				SDKROOT = iphoneos;
				SWIFT_COMPILATION_MODE = wholemodule;
				SWIFT_OPTIMIZATION_LEVEL = "-O";
				VALIDATE_PRODUCT = YES;
			};
			name = Release;
		};
		18FD105C214BB32C0050DA11 /* Debug */ = {
			isa = XCBuildConfiguration;
			buildSettings = {
				ASSETCATALOG_COMPILER_APPICON_NAME = AppIcon;
				CODE_SIGN_STYLE = Automatic;
				INFOPLIST_FILE = org.javacream.training.ios.greeter/Info.plist;
				LD_RUNPATH_SEARCH_PATHS = (
					"$(inherited)",
					"@executable_path/Frameworks",
				);
				PRODUCT_BUNDLE_IDENTIFIER = "Javacream.org-javacream-training-ios-greeter";
				PRODUCT_NAME = "$(TARGET_NAME)";
				SWIFT_VERSION = 4.0;
				TARGETED_DEVICE_FAMILY = "1,2";
			};
			name = Debug;
		};
		18FD105D214BB32C0050DA11 /* Release */ = {
			isa = XCBuildConfiguration;
			buildSettings = {
				ASSETCATALOG_COMPILER_APPICON_NAME = AppIcon;
				CODE_SIGN_STYLE = Automatic;
				INFOPLIST_FILE = org.javacream.training.ios.greeter/Info.plist;
				LD_RUNPATH_SEARCH_PATHS = (
					"$(inherited)",
					"@executable_path/Frameworks",
				);
				PRODUCT_BUNDLE_IDENTIFIER = "Javacream.org-javacream-training-ios-greeter";
				PRODUCT_NAME = "$(TARGET_NAME)";
				SWIFT_VERSION = 4.0;
				TARGETED_DEVICE_FAMILY = "1,2";
			};
			name = Release;
		};
		18FD105F214BB32C0050DA11 /* Debug */ = {
			isa = XCBuildConfiguration;
			buildSettings = {
				ALWAYS_EMBED_SWIFT_STANDARD_LIBRARIES = YES;
				BUNDLE_LOADER = "$(TEST_HOST)";
				CODE_SIGN_STYLE = Automatic;
				INFOPLIST_FILE = org.javacream.training.ios.greeterTests/Info.plist;
				LD_RUNPATH_SEARCH_PATHS = (
					"$(inherited)",
					"@executable_path/Frameworks",
					"@loader_path/Frameworks",
				);
				PRODUCT_BUNDLE_IDENTIFIER = "Javacream.org-javacream-training-ios-greeterTests";
				PRODUCT_NAME = "$(TARGET_NAME)";
				SWIFT_VERSION = 4.0;
				TARGETED_DEVICE_FAMILY = "1,2";
				TEST_HOST = "$(BUILT_PRODUCTS_DIR)/org.javacream.training.ios.greeter.app/org.javacream.training.ios.greeter";
			};
			name = Debug;
		};
		18FD1060214BB32C0050DA11 /* Release */ = {
			isa = XCBuildConfiguration;
			buildSettings = {
				ALWAYS_EMBED_SWIFT_STANDARD_LIBRARIES = YES;
				BUNDLE_LOADER = "$(TEST_HOST)";
				CODE_SIGN_STYLE = Automatic;
				INFOPLIST_FILE = org.javacream.training.ios.greeterTests/Info.plist;
				LD_RUNPATH_SEARCH_PATHS = (
					"$(inherited)",
					"@executable_path/Frameworks",
					"@loader_path/Frameworks",
				);
				PRODUCT_BUNDLE_IDENTIFIER = "Javacream.org-javacream-training-ios-greeterTests";
				PRODUCT_NAME = "$(TARGET_NAME)";
				SWIFT_VERSION = 4.0;
				TARGETED_DEVICE_FAMILY = "1,2";
				TEST_HOST = "$(BUILT_PRODUCTS_DIR)/org.javacream.training.ios.greeter.app/org.javacream.training.ios.greeter";
			};
			name = Release;
		};
		18FD1062214BB32C0050DA11 /* Debug */ = {
			isa = XCBuildConfiguration;
			buildSettings = {
				ALWAYS_EMBED_SWIFT_STANDARD_LIBRARIES = YES;
				CODE_SIGN_STYLE = Automatic;
				INFOPLIST_FILE = org.javacream.training.ios.greeterUITests/Info.plist;
				LD_RUNPATH_SEARCH_PATHS = (
					"$(inherited)",
					"@executable_path/Frameworks",
					"@loader_path/Frameworks",
				);
				PRODUCT_BUNDLE_IDENTIFIER = "Javacream.org-javacream-training-ios-greeterUITests";
				PRODUCT_NAME = "$(TARGET_NAME)";
				SWIFT_VERSION = 4.0;
				TARGETED_DEVICE_FAMILY = "1,2";
				TEST_TARGET_NAME = org.javacream.training.ios.greeter;
			};
			name = Debug;
		};
		18FD1063214BB32C0050DA11 /* Release */ = {
			isa = XCBuildConfiguration;
			buildSettings = {
				ALWAYS_EMBED_SWIFT_STANDARD_LIBRARIES = YES;
				CODE_SIGN_STYLE = Automatic;
				INFOPLIST_FILE = org.javacream.training.ios.greeterUITests/Info.plist;
				LD_RUNPATH_SEARCH_PATHS = (
					"$(inherited)",
					"@executable_path/Frameworks",
					"@loader_path/Frameworks",
				);
				PRODUCT_BUNDLE_IDENTIFIER = "Javacream.org-javacream-training-ios-greeterUITests";
				PRODUCT_NAME = "$(TARGET_NAME)";
				SWIFT_VERSION = 4.0;
				TARGETED_DEVICE_FAMILY = "1,2";
				TEST_TARGET_NAME = org.javacream.training.ios.greeter;
			};
			name = Release;
		};
/* End XCBuildConfiguration section */

/* Begin XCConfigurationList section */
		18FD102E214BB32B0050DA11 /* Build configuration list for PBXProject "org.javacream.training.ios.greeter" */ = {
			isa = XCConfigurationList;
			buildConfigurations = (
				18FD1059214BB32C0050DA11 /* Debug */,
				18FD105A214BB32C0050DA11 /* Release */,
			);
			defaultConfigurationIsVisible = 0;
			defaultConfigurationName = Release;
		};
		18FD105B214BB32C0050DA11 /* Build configuration list for PBXNativeTarget "org.javacream.training.ios.greeter" */ = {
			isa = XCConfigurationList;
			buildConfigurations = (
				18FD105C214BB32C0050DA11 /* Debug */,
				18FD105D214BB32C0050DA11 /* Release */,
			);
			defaultConfigurationIsVisible = 0;
			defaultConfigurationName = Release;
		};
		18FD105E214BB32C0050DA11 /* Build configuration list for PBXNativeTarget "org.javacream.training.ios.greeterTests" */ = {
			isa = XCConfigurationList;
			buildConfigurations = (
				18FD105F214BB32C0050DA11 /* Debug */,
				18FD1060214BB32C0050DA11 /* Release */,
			);
			defaultConfigurationIsVisible = 0;
			defaultConfigurationName = Release;
		};
		18FD1061214BB32C0050DA11 /* Build configuration list for PBXNativeTarget "org.javacream.training.ios.greeterUITests" */ = {
			isa = XCConfigurationList;
			buildConfigurations = (
				18FD1062214BB32C0050DA11 /* Debug */,
				18FD1063214BB32C0050DA11 /* Release */,
			);
			defaultConfigurationIsVisible = 0;
			defaultConfigurationName = Release;
		};
/* End XCConfigurationList section */
	};
	rootObject = 18FD102B214BB32B0050DA11 /* Project object */;
}
