// !$*UTF8*$!
{
	archiveVersion = 1;
	classes = {
	};
	objectVersion = 50;
	objects = {

/* Begin PBXBuildFile section */
		188F87D021A56AF000B8D381 /* AppDelegate.swift in Sources */ = {isa = PBXBuildFile; fileRef = 188F87CF21A56AF000B8D381 /* AppDelegate.swift */; };
		188F87D221A56AF000B8D381 /* ViewController.swift in Sources */ = {isa = PBXBuildFile; fileRef = 188F87D121A56AF000B8D381 /* ViewController.swift */; };
		188F87D521A56AF000B8D381 /* Main.storyboard in Resources */ = {isa = PBXBuildFile; fileRef = 188F87D321A56AF000B8D381 /* Main.storyboard */; };
		188F87D721A56AF200B8D381 /* Assets.xcassets in Resources */ = {isa = PBXBuildFile; fileRef = 188F87D621A56AF200B8D381 /* Assets.xcassets */; };
		188F87DA21A56AF200B8D381 /* LaunchScreen.storyboard in Resources */ = {isa = PBXBuildFile; fileRef = 188F87D821A56AF200B8D381 /* LaunchScreen.storyboard */; };
		188F87E221A56B0600B8D381 /* util.swift in Sources */ = {isa = PBXBuildFile; fileRef = 188F87E121A56B0600B8D381 /* util.swift */; };
		188F87E421A56B5500B8D381 /* EchoController.swift in Sources */ = {isa = PBXBuildFile; fileRef = 188F87E321A56B5500B8D381 /* EchoController.swift */; };
		188F87E621A56B7100B8D381 /* EchoModel.swift in Sources */ = {isa = PBXBuildFile; fileRef = 188F87E521A56B7100B8D381 /* EchoModel.swift */; };
/* End PBXBuildFile section */

/* Begin PBXFileReference section */
		188F87CC21A56AF000B8D381 /* Echo.app */ = {isa = PBXFileReference; explicitFileType = wrapper.application; includeInIndex = 0; path = Echo.app; sourceTree = BUILT_PRODUCTS_DIR; };
		188F87CF21A56AF000B8D381 /* AppDelegate.swift */ = {isa = PBXFileReference; lastKnownFileType = sourcecode.swift; path = AppDelegate.swift; sourceTree = "<group>"; };
		188F87D121A56AF000B8D381 /* ViewController.swift */ = {isa = PBXFileReference; lastKnownFileType = sourcecode.swift; path = ViewController.swift; sourceTree = "<group>"; };
		188F87D421A56AF000B8D381 /* Base */ = {isa = PBXFileReference; lastKnownFileType = file.storyboard; name = Base; path = Base.lproj/Main.storyboard; sourceTree = "<group>"; };
		188F87D621A56AF200B8D381 /* Assets.xcassets */ = {isa = PBXFileReference; lastKnownFileType = folder.assetcatalog; path = Assets.xcassets; sourceTree = "<group>"; };
		188F87D921A56AF200B8D381 /* Base */ = {isa = PBXFileReference; lastKnownFileType = file.storyboard; name = Base; path = Base.lproj/LaunchScreen.storyboard; sourceTree = "<group>"; };
		188F87DB21A56AF200B8D381 /* Info.plist */ = {isa = PBXFileReference; lastKnownFileType = text.plist.xml; path = Info.plist; sourceTree = "<group>"; };
		188F87E121A56B0600B8D381 /* util.swift */ = {isa = PBXFileReference; lastKnownFileType = sourcecode.swift; path = util.swift; sourceTree = "<group>"; };
		188F87E321A56B5500B8D381 /* EchoController.swift */ = {isa = PBXFileReference; lastKnownFileType = sourcecode.swift; path = EchoController.swift; sourceTree = "<group>"; };
		188F87E521A56B7100B8D381 /* EchoModel.swift */ = {isa = PBXFileReference; lastKnownFileType = sourcecode.swift; path = EchoModel.swift; sourceTree = "<group>"; };
/* End PBXFileReference section */

/* Begin PBXFrameworksBuildPhase section */
		188F87C921A56AF000B8D381 /* Frameworks */ = {
			isa = PBXFrameworksBuildPhase;
			buildActionMask = 2147483647;
			files = (
			);
			runOnlyForDeploymentPostprocessing = 0;
		};
/* End PBXFrameworksBuildPhase section */

/* Begin PBXGroup section */
		188F87C321A56AF000B8D381 = {
			isa = PBXGroup;
			children = (
				188F87CE21A56AF000B8D381 /* Echo */,
				188F87CD21A56AF000B8D381 /* Products */,
			);
			sourceTree = "<group>";
		};
		188F87CD21A56AF000B8D381 /* Products */ = {
			isa = PBXGroup;
			children = (
				188F87CC21A56AF000B8D381 /* Echo.app */,
			);
			name = Products;
			sourceTree = "<group>";
		};
		188F87CE21A56AF000B8D381 /* Echo */ = {
			isa = PBXGroup;
			children = (
				188F87CF21A56AF000B8D381 /* AppDelegate.swift */,
				188F87D121A56AF000B8D381 /* ViewController.swift */,
				188F87D321A56AF000B8D381 /* Main.storyboard */,
				188F87D621A56AF200B8D381 /* Assets.xcassets */,
				188F87D821A56AF200B8D381 /* LaunchScreen.storyboard */,
				188F87DB21A56AF200B8D381 /* Info.plist */,
				188F87E121A56B0600B8D381 /* util.swift */,
				188F87E321A56B5500B8D381 /* EchoController.swift */,
				188F87E521A56B7100B8D381 /* EchoModel.swift */,
			);
			path = Echo;
			sourceTree = "<group>";
		};
/* End PBXGroup section */

/* Begin PBXNativeTarget section */
		188F87CB21A56AF000B8D381 /* Echo */ = {
			isa = PBXNativeTarget;
			buildConfigurationList = 188F87DE21A56AF200B8D381 /* Build configuration list for PBXNativeTarget "Echo" */;
			buildPhases = (
				188F87C821A56AF000B8D381 /* Sources */,
				188F87C921A56AF000B8D381 /* Frameworks */,
				188F87CA21A56AF000B8D381 /* Resources */,
			);
			buildRules = (
			);
			dependencies = (
			);
			name = Echo;
			productName = Echo;
			productReference = 188F87CC21A56AF000B8D381 /* Echo.app */;
			productType = "com.apple.product-type.application";
		};
/* End PBXNativeTarget section */

/* Begin PBXProject section */
		188F87C421A56AF000B8D381 /* Project object */ = {
			isa = PBXProject;
			attributes = {
				LastSwiftUpdateCheck = 1010;
				LastUpgradeCheck = 1010;
				ORGANIZATIONNAME = Javacream;
				TargetAttributes = {
					188F87CB21A56AF000B8D381 = {
						CreatedOnToolsVersion = 10.1;
					};
				};
			};
			buildConfigurationList = 188F87C721A56AF000B8D381 /* Build configuration list for PBXProject "Echo" */;
			compatibilityVersion = "Xcode 9.3";
			developmentRegion = en;
			hasScannedForEncodings = 0;
			knownRegions = (
				en,
				Base,
			);
			mainGroup = 188F87C321A56AF000B8D381;
			productRefGroup = 188F87CD21A56AF000B8D381 /* Products */;
			projectDirPath = "";
			projectRoot = "";
			targets = (
				188F87CB21A56AF000B8D381 /* Echo */,
			);
		};
/* End PBXProject section */

/* Begin PBXResourcesBuildPhase section */
		188F87CA21A56AF000B8D381 /* Resources */ = {
			isa = PBXResourcesBuildPhase;
			buildActionMask = 2147483647;
			files = (
				188F87DA21A56AF200B8D381 /* LaunchScreen.storyboard in Resources */,
				188F87D721A56AF200B8D381 /* Assets.xcassets in Resources */,
				188F87D521A56AF000B8D381 /* Main.storyboard in Resources */,
			);
			runOnlyForDeploymentPostprocessing = 0;
		};
/* End PBXResourcesBuildPhase section */

/* Begin PBXSourcesBuildPhase section */
		188F87C821A56AF000B8D381 /* Sources */ = {
			isa = PBXSourcesBuildPhase;
			buildActionMask = 2147483647;
			files = (
				188F87E221A56B0600B8D381 /* util.swift in Sources */,
				188F87D221A56AF000B8D381 /* ViewController.swift in Sources */,
				188F87E421A56B5500B8D381 /* EchoController.swift in Sources */,
				188F87D021A56AF000B8D381 /* AppDelegate.swift in Sources */,
				188F87E621A56B7100B8D381 /* EchoModel.swift in Sources */,
			);
			runOnlyForDeploymentPostprocessing = 0;
		};
/* End PBXSourcesBuildPhase section */

/* Begin PBXVariantGroup section */
		188F87D321A56AF000B8D381 /* Main.storyboard */ = {
			isa = PBXVariantGroup;
			children = (
				188F87D421A56AF000B8D381 /* Base */,
			);
			name = Main.storyboard;
			sourceTree = "<group>";
		};
		188F87D821A56AF200B8D381 /* LaunchScreen.storyboard */ = {
			isa = PBXVariantGroup;
			children = (
				188F87D921A56AF200B8D381 /* Base */,
			);
			name = LaunchScreen.storyboard;
			sourceTree = "<group>";
		};
/* End PBXVariantGroup section */

/* Begin XCBuildConfiguration section */
		188F87DC21A56AF200B8D381 /* Debug */ = {
			isa = XCBuildConfiguration;
			buildSettings = {
				ALWAYS_SEARCH_USER_PATHS = NO;
				CLANG_ANALYZER_NONNULL = YES;
				CLANG_ANALYZER_NUMBER_OBJECT_CONVERSION = YES_AGGRESSIVE;
				CLANG_CXX_LANGUAGE_STANDARD = "gnu++14";
				CLANG_CXX_LIBRARY = "libc++";
				CLANG_ENABLE_MODULES = YES;
				CLANG_ENABLE_OBJC_ARC = YES;
				CLANG_ENABLE_OBJC_WEAK = YES;
				CLANG_WARN_BLOCK_CAPTURE_AUTORELEASING = YES;
				CLANG_WARN_BOOL_CONVERSION = YES;
				CLANG_WARN_COMMA = YES;
				CLANG_WARN_CONSTANT_CONVERSION = YES;
				CLANG_WARN_DEPRECATED_OBJC_IMPLEMENTATIONS = YES;
				CLANG_WARN_DIRECT_OBJC_ISA_USAGE = YES_ERROR;
				CLANG_WARN_DOCUMENTATION_COMMENTS = YES;
				CLANG_WARN_EMPTY_BODY = YES;
				CLANG_WARN_ENUM_CONVERSION = YES;
				CLANG_WARN_INFINITE_RECURSION = YES;
				CLANG_WARN_INT_CONVERSION = YES;
				CLANG_WARN_NON_LITERAL_NULL_CONVERSION = YES;
				CLANG_WARN_OBJC_IMPLICIT_RETAIN_SELF = YES;
				CLANG_WARN_OBJC_LITERAL_CONVERSION = YES;
				CLANG_WARN_OBJC_ROOT_CLASS = YES_ERROR;
				CLANG_WARN_RANGE_LOOP_ANALYSIS = YES;
				CLANG_WARN_STRICT_PROTOTYPES = YES;
				CLANG_WARN_SUSPICIOUS_MOVE = YES;
				CLANG_WARN_UNGUARDED_AVAILABILITY = YES_AGGRESSIVE;
				CLANG_WARN_UNREACHABLE_CODE = YES;
				CLANG_WARN__DUPLICATE_METHOD_MATCH = YES;
				CODE_SIGN_IDENTITY = "iPhone Developer";
				COPY_PHASE_STRIP = NO;
				DEBUG_INFORMATION_FORMAT = dwarf;
				ENABLE_STRICT_OBJC_MSGSEND = YES;
				ENABLE_TESTABILITY = YES;
				GCC_C_LANGUAGE_STANDARD = gnu11;
				GCC_DYNAMIC_NO_PIC = NO;
				GCC_NO_COMMON_BLOCKS = YES;
				GCC_OPTIMIZATION_LEVEL = 0;
				GCC_PREPROCESSOR_DEFINITIONS = (
					"DEBUG=1",
					"$(inherited)",
				);
				GCC_WARN_64_TO_32_BIT_CONVERSION = YES;
				GCC_WARN_ABOUT_RETURN_TYPE = YES_ERROR;
				GCC_WARN_UNDECLARED_SELECTOR = YES;
				GCC_WARN_UNINITIALIZED_AUTOS = YES_AGGRESSIVE;
				GCC_WARN_UNUSED_FUNCTION = YES;
				GCC_WARN_UNUSED_VARIABLE = YES;
				IPHONEOS_DEPLOYMENT_TARGET = 12.1;
				MTL_ENABLE_DEBUG_INFO = INCLUDE_SOURCE;
				MTL_FAST_MATH = YES;
				ONLY_ACTIVE_ARCH = YES;
				SDKROOT = iphoneos;
				SWIFT_ACTIVE_COMPILATION_CONDITIONS = DEBUG;
				SWIFT_OPTIMIZATION_LEVEL = "-Onone";
			};
			name = Debug;
		};
		188F87DD21A56AF200B8D381 /* Release */ = {
			isa = XCBuildConfiguration;
			buildSettings = {
				ALWAYS_SEARCH_USER_PATHS = NO;
				CLANG_ANALYZER_NONNULL = YES;
				CLANG_ANALYZER_NUMBER_OBJECT_CONVERSION = YES_AGGRESSIVE;
				CLANG_CXX_LANGUAGE_STANDARD = "gnu++14";
				CLANG_CXX_LIBRARY = "libc++";
				CLANG_ENABLE_MODULES = YES;
				CLANG_ENABLE_OBJC_ARC = YES;
				CLANG_ENABLE_OBJC_WEAK = YES;
				CLANG_WARN_BLOCK_CAPTURE_AUTORELEASING = YES;
				CLANG_WARN_BOOL_CONVERSION = YES;
				CLANG_WARN_COMMA = YES;
				CLANG_WARN_CONSTANT_CONVERSION = YES;
				CLANG_WARN_DEPRECATED_OBJC_IMPLEMENTATIONS = YES;
				CLANG_WARN_DIRECT_OBJC_ISA_USAGE = YES_ERROR;
				CLANG_WARN_DOCUMENTATION_COMMENTS = YES;
				CLANG_WARN_EMPTY_BODY = YES;
				CLANG_WARN_ENUM_CONVERSION = YES;
				CLANG_WARN_INFINITE_RECURSION = YES;
				CLANG_WARN_INT_CONVERSION = YES;
				CLANG_WARN_NON_LITERAL_NULL_CONVERSION = YES;
				CLANG_WARN_OBJC_IMPLICIT_RETAIN_SELF = YES;
				CLANG_WARN_OBJC_LITERAL_CONVERSION = YES;
				CLANG_WARN_OBJC_ROOT_CLASS = YES_ERROR;
				CLANG_WARN_RANGE_LOOP_ANALYSIS = YES;
				CLANG_WARN_STRICT_PROTOTYPES = YES;
				CLANG_WARN_SUSPICIOUS_MOVE = YES;
				CLANG_WARN_UNGUARDED_AVAILABILITY = YES_AGGRESSIVE;
				CLANG_WARN_UNREACHABLE_CODE = YES;
				CLANG_WARN__DUPLICATE_METHOD_MATCH = YES;
				CODE_SIGN_IDENTITY = "iPhone Developer";
				COPY_PHASE_STRIP = NO;
				DEBUG_INFORMATION_FORMAT = "dwarf-with-dsym";
				ENABLE_NS_ASSERTIONS = NO;
				ENABLE_STRICT_OBJC_MSGSEND = YES;
				GCC_C_LANGUAGE_STANDARD = gnu11;
				GCC_NO_COMMON_BLOCKS = YES;
				GCC_WARN_64_TO_32_BIT_CONVERSION = YES;
				GCC_WARN_ABOUT_RETURN_TYPE = YES_ERROR;
				GCC_WARN_UNDECLARED_SELECTOR = YES;
				GCC_WARN_UNINITIALIZED_AUTOS = YES_AGGRESSIVE;
				GCC_WARN_UNUSED_FUNCTION = YES;
				GCC_WARN_UNUSED_VARIABLE = YES;
				IPHONEOS_DEPLOYMENT_TARGET = 12.1;
				MTL_ENABLE_DEBUG_INFO = NO;
				MTL_FAST_MATH = YES;
				SDKROOT = iphoneos;
				SWIFT_COMPILATION_MODE = wholemodule;
				SWIFT_OPTIMIZATION_LEVEL = "-O";
				VALIDATE_PRODUCT = YES;
			};
			name = Release;
		};
		188F87DF21A56AF200B8D381 /* Debug */ = {
			isa = XCBuildConfiguration;
			buildSettings = {
				ASSETCATALOG_COMPILER_APPICON_NAME = AppIcon;
				CODE_SIGN_STYLE = Automatic;
				INFOPLIST_FILE = Echo/Info.plist;
				LD_RUNPATH_SEARCH_PATHS = (
					"$(inherited)",
					"@executable_path/Frameworks",
				);
				PRODUCT_BUNDLE_IDENTIFIER = org.javacream.Echo;
				PRODUCT_NAME = "$(TARGET_NAME)";
				SWIFT_VERSION = 4.2;
				TARGETED_DEVICE_FAMILY = "1,2";
			};
			name = Debug;
		};
		188F87E021A56AF200B8D381 /* Release */ = {
			isa = XCBuildConfiguration;
			buildSettings = {
				ASSETCATALOG_COMPILER_APPICON_NAME = AppIcon;
				CODE_SIGN_STYLE = Automatic;
				INFOPLIST_FILE = Echo/Info.plist;
				LD_RUNPATH_SEARCH_PATHS = (
					"$(inherited)",
					"@executable_path/Frameworks",
				);
				PRODUCT_BUNDLE_IDENTIFIER = org.javacream.Echo;
				PRODUCT_NAME = "$(TARGET_NAME)";
				SWIFT_VERSION = 4.2;
				TARGETED_DEVICE_FAMILY = "1,2";
			};
			name = Release;
		};
/* End XCBuildConfiguration section */

/* Begin XCConfigurationList section */
		188F87C721A56AF000B8D381 /* Build configuration list for PBXProject "Echo" */ = {
			isa = XCConfigurationList;
			buildConfigurations = (
				188F87DC21A56AF200B8D381 /* Debug */,
				188F87DD21A56AF200B8D381 /* Release */,
			);
			defaultConfigurationIsVisible = 0;
			defaultConfigurationName = Release;
		};
		188F87DE21A56AF200B8D381 /* Build configuration list for PBXNativeTarget "Echo" */ = {
			isa = XCConfigurationList;
			buildConfigurations = (
				188F87DF21A56AF200B8D381 /* Debug */,
				188F87E021A56AF200B8D381 /* Release */,
			);
			defaultConfigurationIsVisible = 0;
			defaultConfigurationName = Release;
		};
/* End XCConfigurationList section */
	};
	rootObject = 188F87C421A56AF000B8D381 /* Project object */;
}
