// !$*UTF8*$!
{
	archiveVersion = 1;
	classes = {
	};
	objectVersion = 50;
	objects = {

/* Begin PBXBuildFile section */
		186F9D082147BB0900392CEA /* AppDelegate.swift in Sources */ = {isa = PBXBuildFile; fileRef = 186F9D072147BB0900392CEA /* AppDelegate.swift */; };
		186F9D0A2147BB0900392CEA /* ViewController.swift in Sources */ = {isa = PBXBuildFile; fileRef = 186F9D092147BB0900392CEA /* ViewController.swift */; };
		186F9D0D2147BB0900392CEA /* Main.storyboard in Resources */ = {isa = PBXBuildFile; fileRef = 186F9D0B2147BB0900392CEA /* Main.storyboard */; };
		186F9D0F2147BB0A00392CEA /* Assets.xcassets in Resources */ = {isa = PBXBuildFile; fileRef = 186F9D0E2147BB0A00392CEA /* Assets.xcassets */; };
		186F9D122147BB0A00392CEA /* LaunchScreen.storyboard in Resources */ = {isa = PBXBuildFile; fileRef = 186F9D102147BB0A00392CEA /* LaunchScreen.storyboard */; };
/* End PBXBuildFile section */

/* Begin PBXFileReference section */
		186F9D042147BB0900392CEA /* org.javacream.training.swift.people.app */ = {isa = PBXFileReference; explicitFileType = wrapper.application; includeInIndex = 0; path = org.javacream.training.swift.people.app; sourceTree = BUILT_PRODUCTS_DIR; };
		186F9D072147BB0900392CEA /* AppDelegate.swift */ = {isa = PBXFileReference; lastKnownFileType = sourcecode.swift; path = AppDelegate.swift; sourceTree = "<group>"; };
		186F9D092147BB0900392CEA /* ViewController.swift */ = {isa = PBXFileReference; lastKnownFileType = sourcecode.swift; path = ViewController.swift; sourceTree = "<group>"; };
		186F9D0C2147BB0900392CEA /* Base */ = {isa = PBXFileReference; lastKnownFileType = file.storyboard; name = Base; path = Base.lproj/Main.storyboard; sourceTree = "<group>"; };
		186F9D0E2147BB0A00392CEA /* Assets.xcassets */ = {isa = PBXFileReference; lastKnownFileType = folder.assetcatalog; path = Assets.xcassets; sourceTree = "<group>"; };
		186F9D112147BB0A00392CEA /* Base */ = {isa = PBXFileReference; lastKnownFileType = file.storyboard; name = Base; path = Base.lproj/LaunchScreen.storyboard; sourceTree = "<group>"; };
		186F9D132147BB0A00392CEA /* Info.plist */ = {isa = PBXFileReference; lastKnownFileType = text.plist.xml; path = Info.plist; sourceTree = "<group>"; };
/* End PBXFileReference section */

/* Begin PBXFrameworksBuildPhase section */
		186F9D012147BB0900392CEA /* Frameworks */ = {
			isa = PBXFrameworksBuildPhase;
			buildActionMask = 2147483647;
			files = (
			);
			runOnlyForDeploymentPostprocessing = 0;
		};
/* End PBXFrameworksBuildPhase section */

/* Begin PBXGroup section */
		186F9CFB2147BB0900392CEA = {
			isa = PBXGroup;
			children = (
				186F9D062147BB0900392CEA /* org.javacream.training.swift.people */,
				186F9D052147BB0900392CEA /* Products */,
			);
			sourceTree = "<group>";
		};
		186F9D052147BB0900392CEA /* Products */ = {
			isa = PBXGroup;
			children = (
				186F9D042147BB0900392CEA /* org.javacream.training.swift.people.app */,
			);
			name = Products;
			sourceTree = "<group>";
		};
		186F9D062147BB0900392CEA /* org.javacream.training.swift.people */ = {
			isa = PBXGroup;
			children = (
				186F9D072147BB0900392CEA /* AppDelegate.swift */,
				186F9D092147BB0900392CEA /* ViewController.swift */,
				186F9D0B2147BB0900392CEA /* Main.storyboard */,
				186F9D0E2147BB0A00392CEA /* Assets.xcassets */,
				186F9D102147BB0A00392CEA /* LaunchScreen.storyboard */,
				186F9D132147BB0A00392CEA /* Info.plist */,
			);
			path = org.javacream.training.swift.people;
			sourceTree = "<group>";
		};
/* End PBXGroup section */

/* Begin PBXNativeTarget section */
		186F9D032147BB0900392CEA /* org.javacream.training.swift.people */ = {
			isa = PBXNativeTarget;
			buildConfigurationList = 186F9D162147BB0A00392CEA /* Build configuration list for PBXNativeTarget "org.javacream.training.swift.people" */;
			buildPhases = (
				186F9D002147BB0900392CEA /* Sources */,
				186F9D012147BB0900392CEA /* Frameworks */,
				186F9D022147BB0900392CEA /* Resources */,
			);
			buildRules = (
			);
			dependencies = (
			);
			name = org.javacream.training.swift.people;
			productName = org.javacream.training.swift.people;
			productReference = 186F9D042147BB0900392CEA /* org.javacream.training.swift.people.app */;
			productType = "com.apple.product-type.application";
		};
/* End PBXNativeTarget section */

/* Begin PBXProject section */
		186F9CFC2147BB0900392CEA /* Project object */ = {
			isa = PBXProject;
			attributes = {
				LastSwiftUpdateCheck = 0940;
				LastUpgradeCheck = 0940;
				ORGANIZATIONNAME = Javacream;
				TargetAttributes = {
					186F9D032147BB0900392CEA = {
						CreatedOnToolsVersion = 9.4.1;
					};
				};
			};
			buildConfigurationList = 186F9CFF2147BB0900392CEA /* Build configuration list for PBXProject "org.javacream.training.swift.people" */;
			compatibilityVersion = "Xcode 9.3";
			developmentRegion = en;
			hasScannedForEncodings = 0;
			knownRegions = (
				en,
				Base,
			);
			mainGroup = 186F9CFB2147BB0900392CEA;
			productRefGroup = 186F9D052147BB0900392CEA /* Products */;
			projectDirPath = "";
			projectRoot = "";
			targets = (
				186F9D032147BB0900392CEA /* org.javacream.training.swift.people */,
			);
		};
/* End PBXProject section */

/* Begin PBXResourcesBuildPhase section */
		186F9D022147BB0900392CEA /* Resources */ = {
			isa = PBXResourcesBuildPhase;
			buildActionMask = 2147483647;
			files = (
				186F9D122147BB0A00392CEA /* LaunchScreen.storyboard in Resources */,
				186F9D0F2147BB0A00392CEA /* Assets.xcassets in Resources */,
				186F9D0D2147BB0900392CEA /* Main.storyboard in Resources */,
			);
			runOnlyForDeploymentPostprocessing = 0;
		};
/* End PBXResourcesBuildPhase section */

/* Begin PBXSourcesBuildPhase section */
		186F9D002147BB0900392CEA /* Sources */ = {
			isa = PBXSourcesBuildPhase;
			buildActionMask = 2147483647;
			files = (
				186F9D0A2147BB0900392CEA /* ViewController.swift in Sources */,
				186F9D082147BB0900392CEA /* AppDelegate.swift in Sources */,
			);
			runOnlyForDeploymentPostprocessing = 0;
		};
/* End PBXSourcesBuildPhase section */

/* Begin PBXVariantGroup section */
		186F9D0B2147BB0900392CEA /* Main.storyboard */ = {
			isa = PBXVariantGroup;
			children = (
				186F9D0C2147BB0900392CEA /* Base */,
			);
			name = Main.storyboard;
			sourceTree = "<group>";
		};
		186F9D102147BB0A00392CEA /* LaunchScreen.storyboard */ = {
			isa = PBXVariantGroup;
			children = (
				186F9D112147BB0A00392CEA /* Base */,
			);
			name = LaunchScreen.storyboard;
			sourceTree = "<group>";
		};
/* End PBXVariantGroup section */

/* Begin XCBuildConfiguration section */
		186F9D142147BB0A00392CEA /* Debug */ = {
			isa = XCBuildConfiguration;
			buildSettings = {
				ALWAYS_SEARCH_USER_PATHS = NO;
				CLANG_ANALYZER_NONNULL = YES;
				CLANG_ANALYZER_NUMBER_OBJECT_CONVERSION = YES_AGGRESSIVE;
				CLANG_CXX_LANGUAGE_STANDARD = "gnu++14";
				CLANG_CXX_LIBRARY = "libc++";
				CLANG_ENABLE_MODULES = YES;
				CLANG_ENABLE_OBJC_ARC = YES;
				CLANG_ENABLE_OBJC_WEAK = YES;
				CLANG_WARN_BLOCK_CAPTURE_AUTORELEASING = YES;
				CLANG_WARN_BOOL_CONVERSION = YES;
				CLANG_WARN_COMMA = YES;
				CLANG_WARN_CONSTANT_CONVERSION = YES;
				CLANG_WARN_DEPRECATED_OBJC_IMPLEMENTATIONS = YES;
				CLANG_WARN_DIRECT_OBJC_ISA_USAGE = YES_ERROR;
				CLANG_WARN_DOCUMENTATION_COMMENTS = YES;
				CLANG_WARN_EMPTY_BODY = YES;
				CLANG_WARN_ENUM_CONVERSION = YES;
				CLANG_WARN_INFINITE_RECURSION = YES;
				CLANG_WARN_INT_CONVERSION = YES;
				CLANG_WARN_NON_LITERAL_NULL_CONVERSION = YES;
				CLANG_WARN_OBJC_IMPLICIT_RETAIN_SELF = YES;
				CLANG_WARN_OBJC_LITERAL_CONVERSION = YES;
				CLANG_WARN_OBJC_ROOT_CLASS = YES_ERROR;
				CLANG_WARN_RANGE_LOOP_ANALYSIS = YES;
				CLANG_WARN_STRICT_PROTOTYPES = YES;
				CLANG_WARN_SUSPICIOUS_MOVE = YES;
				CLANG_WARN_UNGUARDED_AVAILABILITY = YES_AGGRESSIVE;
				CLANG_WARN_UNREACHABLE_CODE = YES;
				CLANG_WARN__DUPLICATE_METHOD_MATCH = YES;
				CODE_SIGN_IDENTITY = "iPhone Developer";
				COPY_PHASE_STRIP = NO;
				DEBUG_INFORMATION_FORMAT = dwarf;
				ENABLE_STRICT_OBJC_MSGSEND = YES;
				ENABLE_TESTABILITY = YES;
				GCC_C_LANGUAGE_STANDARD = gnu11;
				GCC_DYNAMIC_NO_PIC = NO;
				GCC_NO_COMMON_BLOCKS = YES;
				GCC_OPTIMIZATION_LEVEL = 0;
				GCC_PREPROCESSOR_DEFINITIONS = (
					"DEBUG=1",
					"$(inherited)",
				);
				GCC_WARN_64_TO_32_BIT_CONVERSION = YES;
				GCC_WARN_ABOUT_RETURN_TYPE = YES_ERROR;
				GCC_WARN_UNDECLARED_SELECTOR = YES;
				GCC_WARN_UNINITIALIZED_AUTOS = YES_AGGRESSIVE;
				GCC_WARN_UNUSED_FUNCTION = YES;
				GCC_WARN_UNUSED_VARIABLE = YES;
				IPHONEOS_DEPLOYMENT_TARGET = 11.4;
				MTL_ENABLE_DEBUG_INFO = YES;
				ONLY_ACTIVE_ARCH = YES;
				SDKROOT = iphoneos;
				SWIFT_ACTIVE_COMPILATION_CONDITIONS = DEBUG;
				SWIFT_OPTIMIZATION_LEVEL = "-Onone";
			};
			name = Debug;
		};
		186F9D152147BB0A00392CEA /* Release */ = {
			isa = XCBuildConfiguration;
			buildSettings = {
				ALWAYS_SEARCH_USER_PATHS = NO;
				CLANG_ANALYZER_NONNULL = YES;
				CLANG_ANALYZER_NUMBER_OBJECT_CONVERSION = YES_AGGRESSIVE;
				CLANG_CXX_LANGUAGE_STANDARD = "gnu++14";
				CLANG_CXX_LIBRARY = "libc++";
				CLANG_ENABLE_MODULES = YES;
				CLANG_ENABLE_OBJC_ARC = YES;
				CLANG_ENABLE_OBJC_WEAK = YES;
				CLANG_WARN_BLOCK_CAPTURE_AUTORELEASING = YES;
				CLANG_WARN_BOOL_CONVERSION = YES;
				CLANG_WARN_COMMA = YES;
				CLANG_WARN_CONSTANT_CONVERSION = YES;
				CLANG_WARN_DEPRECATED_OBJC_IMPLEMENTATIONS = YES;
				CLANG_WARN_DIRECT_OBJC_ISA_USAGE = YES_ERROR;
				CLANG_WARN_DOCUMENTATION_COMMENTS = YES;
				CLANG_WARN_EMPTY_BODY = YES;
				CLANG_WARN_ENUM_CONVERSION = YES;
				CLANG_WARN_INFINITE_RECURSION = YES;
				CLANG_WARN_INT_CONVERSION = YES;
				CLANG_WARN_NON_LITERAL_NULL_CONVERSION = YES;
				CLANG_WARN_OBJC_IMPLICIT_RETAIN_SELF = YES;
				CLANG_WARN_OBJC_LITERAL_CONVERSION = YES;
				CLANG_WARN_OBJC_ROOT_CLASS = YES_ERROR;
				CLANG_WARN_RANGE_LOOP_ANALYSIS = YES;
				CLANG_WARN_STRICT_PROTOTYPES = YES;
				CLANG_WARN_SUSPICIOUS_MOVE = YES;
				CLANG_WARN_UNGUARDED_AVAILABILITY = YES_AGGRESSIVE;
				CLANG_WARN_UNREACHABLE_CODE = YES;
				CLANG_WARN__DUPLICATE_METHOD_MATCH = YES;
				CODE_SIGN_IDENTITY = "iPhone Developer";
				COPY_PHASE_STRIP = NO;
				DEBUG_INFORMATION_FORMAT = "dwarf-with-dsym";
				ENABLE_NS_ASSERTIONS = NO;
				ENABLE_STRICT_OBJC_MSGSEND = YES;
				GCC_C_LANGUAGE_STANDARD = gnu11;
				GCC_NO_COMMON_BLOCKS = YES;
				GCC_WARN_64_TO_32_BIT_CONVERSION = YES;
				GCC_WARN_ABOUT_RETURN_TYPE = YES_ERROR;
				GCC_WARN_UNDECLARED_SELECTOR = YES;
				GCC_WARN_UNINITIALIZED_AUTOS = YES_AGGRESSIVE;
				GCC_WARN_UNUSED_FUNCTION = YES;
				GCC_WARN_UNUSED_VARIABLE = YES;
				IPHONEOS_DEPLOYMENT_TARGET = 11.4;
				MTL_ENABLE_DEBUG_INFO = NO;
				SDKROOT = iphoneos;
				SWIFT_COMPILATION_MODE = wholemodule;
				SWIFT_OPTIMIZATION_LEVEL = "-O";
				VALIDATE_PRODUCT = YES;
			};
			name = Release;
		};
		186F9D172147BB0A00392CEA /* Debug */ = {
			isa = XCBuildConfiguration;
			buildSettings = {
				ASSETCATALOG_COMPILER_APPICON_NAME = AppIcon;
				CODE_SIGN_STYLE = Automatic;
				INFOPLIST_FILE = org.javacream.training.swift.people/Info.plist;
				LD_RUNPATH_SEARCH_PATHS = (
					"$(inherited)",
					"@executable_path/Frameworks",
				);
				PRODUCT_BUNDLE_IDENTIFIER = "Javacream.org-javacream-training-swift-people";
				PRODUCT_NAME = "$(TARGET_NAME)";
				SWIFT_VERSION = 4.0;
				TARGETED_DEVICE_FAMILY = "1,2";
			};
			name = Debug;
		};
		186F9D182147BB0A00392CEA /* Release */ = {
			isa = XCBuildConfiguration;
			buildSettings = {
				ASSETCATALOG_COMPILER_APPICON_NAME = AppIcon;
				CODE_SIGN_STYLE = Automatic;
				INFOPLIST_FILE = org.javacream.training.swift.people/Info.plist;
				LD_RUNPATH_SEARCH_PATHS = (
					"$(inherited)",
					"@executable_path/Frameworks",
				);
				PRODUCT_BUNDLE_IDENTIFIER = "Javacream.org-javacream-training-swift-people";
				PRODUCT_NAME = "$(TARGET_NAME)";
				SWIFT_VERSION = 4.0;
				TARGETED_DEVICE_FAMILY = "1,2";
			};
			name = Release;
		};
/* End XCBuildConfiguration section */

/* Begin XCConfigurationList section */
		186F9CFF2147BB0900392CEA /* Build configuration list for PBXProject "org.javacream.training.swift.people" */ = {
			isa = XCConfigurationList;
			buildConfigurations = (
				186F9D142147BB0A00392CEA /* Debug */,
				186F9D152147BB0A00392CEA /* Release */,
			);
			defaultConfigurationIsVisible = 0;
			defaultConfigurationName = Release;
		};
		186F9D162147BB0A00392CEA /* Build configuration list for PBXNativeTarget "org.javacream.training.swift.people" */ = {
			isa = XCConfigurationList;
			buildConfigurations = (
				186F9D172147BB0A00392CEA /* Debug */,
				186F9D182147BB0A00392CEA /* Release */,
			);
			defaultConfigurationIsVisible = 0;
			defaultConfigurationName = Release;
		};
/* End XCConfigurationList section */
	};
	rootObject = 186F9CFC2147BB0900392CEA /* Project object */;
}
