// !$*UTF8*$!
{
	archiveVersion = 1;
	classes = {
	};
	objectVersion = 46;
	objects = {

/* Begin PBXBuildFile section */
		18AB033B1E3640720063AD1B /* AppDelegate.swift in Sources */ = {isa = PBXBuildFile; fileRef = 18AB033A1E3640720063AD1B /* AppDelegate.swift */; };
		18AB033D1E3640720063AD1B /* SaveViewController.swift in Sources */ = {isa = PBXBuildFile; fileRef = 18AB033C1E3640720063AD1B /* SaveViewController.swift */; };
		18AB03401E3640720063AD1B /* Main.storyboard in Resources */ = {isa = PBXBuildFile; fileRef = 18AB033E1E3640720063AD1B /* Main.storyboard */; };
		18AB03421E3640720063AD1B /* Assets.xcassets in Resources */ = {isa = PBXBuildFile; fileRef = 18AB03411E3640720063AD1B /* Assets.xcassets */; };
		18AB03451E3640720063AD1B /* LaunchScreen.storyboard in Resources */ = {isa = PBXBuildFile; fileRef = 18AB03431E3640720063AD1B /* LaunchScreen.storyboard */; };
		18B3F82420EB96630037A0A6 /* PeopleApp.swift in Sources */ = {isa = PBXBuildFile; fileRef = 18B3F82320EB96630037A0A6 /* PeopleApp.swift */; };
		18B3F84820ECADBD0037A0A6 /* DumpViewController.swift in Sources */ = {isa = PBXBuildFile; fileRef = 18B3F84720ECADBD0037A0A6 /* DumpViewController.swift */; };
		18B3F84B20ECB5E20037A0A6 /* ClearViewController.swift in Sources */ = {isa = PBXBuildFile; fileRef = 18B3F84A20ECB5E20037A0A6 /* ClearViewController.swift */; };
		18B3F84D20ECC9A30037A0A6 /* Utilities.swift in Sources */ = {isa = PBXBuildFile; fileRef = 18B3F84C20ECC9A30037A0A6 /* Utilities.swift */; };
/* End PBXBuildFile section */

/* Begin PBXFileReference section */
		18AB03371E3640720063AD1B /* org.javacream.training.ios.people.swift.app */ = {isa = PBXFileReference; explicitFileType = wrapper.application; includeInIndex = 0; path = org.javacream.training.ios.people.swift.app; sourceTree = BUILT_PRODUCTS_DIR; };
		18AB033A1E3640720063AD1B /* AppDelegate.swift */ = {isa = PBXFileReference; lastKnownFileType = sourcecode.swift; path = AppDelegate.swift; sourceTree = "<group>"; };
		18AB033C1E3640720063AD1B /* SaveViewController.swift */ = {isa = PBXFileReference; lastKnownFileType = sourcecode.swift; path = SaveViewController.swift; sourceTree = "<group>"; };
		18AB033F1E3640720063AD1B /* Base */ = {isa = PBXFileReference; lastKnownFileType = file.storyboard; name = Base; path = Base.lproj/Main.storyboard; sourceTree = "<group>"; };
		18AB03411E3640720063AD1B /* Assets.xcassets */ = {isa = PBXFileReference; lastKnownFileType = folder.assetcatalog; path = Assets.xcassets; sourceTree = "<group>"; };
		18AB03441E3640720063AD1B /* Base */ = {isa = PBXFileReference; lastKnownFileType = file.storyboard; name = Base; path = Base.lproj/LaunchScreen.storyboard; sourceTree = "<group>"; };
		18AB03461E3640720063AD1B /* Info.plist */ = {isa = PBXFileReference; lastKnownFileType = text.plist.xml; path = Info.plist; sourceTree = "<group>"; };
		18AB034D1E3651B30063AD1B /* en */ = {isa = PBXFileReference; lastKnownFileType = text.plist.strings; name = en; path = en.lproj/Main.strings; sourceTree = "<group>"; };
		18AB034E1E3654640063AD1B /* de */ = {isa = PBXFileReference; lastKnownFileType = text.plist.strings; name = de; path = de.lproj/Main.strings; sourceTree = "<group>"; };
		18AB034F1E3654640063AD1B /* de */ = {isa = PBXFileReference; lastKnownFileType = text.plist.strings; name = de; path = de.lproj/LaunchScreen.strings; sourceTree = "<group>"; };
		18B3F82320EB96630037A0A6 /* PeopleApp.swift */ = {isa = PBXFileReference; lastKnownFileType = sourcecode.swift; path = PeopleApp.swift; sourceTree = "<group>"; };
		18B3F84720ECADBD0037A0A6 /* DumpViewController.swift */ = {isa = PBXFileReference; lastKnownFileType = sourcecode.swift; name = DumpViewController.swift; path = org.javacream.training.ios.people.swift/controller/DumpViewController.swift; sourceTree = SOURCE_ROOT; };
		18B3F84A20ECB5E20037A0A6 /* ClearViewController.swift */ = {isa = PBXFileReference; lastKnownFileType = sourcecode.swift; path = ClearViewController.swift; sourceTree = "<group>"; };
		18B3F84C20ECC9A30037A0A6 /* Utilities.swift */ = {isa = PBXFileReference; fileEncoding = 4; lastKnownFileType = sourcecode.swift; path = Utilities.swift; sourceTree = "<group>"; };
/* End PBXFileReference section */

/* Begin PBXFrameworksBuildPhase section */
		18AB03341E3640720063AD1B /* Frameworks */ = {
			isa = PBXFrameworksBuildPhase;
			buildActionMask = 2147483647;
			files = (
			);
			runOnlyForDeploymentPostprocessing = 0;
		};
/* End PBXFrameworksBuildPhase section */

/* Begin PBXGroup section */
		18AB032E1E3640720063AD1B = {
			isa = PBXGroup;
			children = (
				18AB03391E3640720063AD1B /* org.javacream.training.ios.people.swift */,
				18AB03381E3640720063AD1B /* Products */,
			);
			sourceTree = "<group>";
		};
		18AB03381E3640720063AD1B /* Products */ = {
			isa = PBXGroup;
			children = (
				18AB03371E3640720063AD1B /* org.javacream.training.ios.people.swift.app */,
			);
			name = Products;
			sourceTree = "<group>";
		};
		18AB03391E3640720063AD1B /* org.javacream.training.ios.people.swift */ = {
			isa = PBXGroup;
			children = (
				18B3F84C20ECC9A30037A0A6 /* Utilities.swift */,
				18B3F84920ECB33C0037A0A6 /* controller */,
				18AB033A1E3640720063AD1B /* AppDelegate.swift */,
				18B3F82320EB96630037A0A6 /* PeopleApp.swift */,
				18AB033E1E3640720063AD1B /* Main.storyboard */,
				18AB03411E3640720063AD1B /* Assets.xcassets */,
				18AB03431E3640720063AD1B /* LaunchScreen.storyboard */,
				18AB03461E3640720063AD1B /* Info.plist */,
			);
			path = org.javacream.training.ios.people.swift;
			sourceTree = "<group>";
		};
		18B3F84920ECB33C0037A0A6 /* controller */ = {
			isa = PBXGroup;
			children = (
				18B3F84720ECADBD0037A0A6 /* DumpViewController.swift */,
				18AB033C1E3640720063AD1B /* SaveViewController.swift */,
				18B3F84A20ECB5E20037A0A6 /* ClearViewController.swift */,
			);
			path = controller;
			sourceTree = "<group>";
		};
/* End PBXGroup section */

/* Begin PBXNativeTarget section */
		18AB03361E3640720063AD1B /* org.javacream.training.ios.people.swift */ = {
			isa = PBXNativeTarget;
			buildConfigurationList = 18AB03491E3640720063AD1B /* Build configuration list for PBXNativeTarget "org.javacream.training.ios.people.swift" */;
			buildPhases = (
				18AB03331E3640720063AD1B /* Sources */,
				18AB03341E3640720063AD1B /* Frameworks */,
				18AB03351E3640720063AD1B /* Resources */,
			);
			buildRules = (
			);
			dependencies = (
			);
			name = org.javacream.training.ios.people.swift;
			productName = org.javacream.training.ios.people.swift;
			productReference = 18AB03371E3640720063AD1B /* org.javacream.training.ios.people.swift.app */;
			productType = "com.apple.product-type.application";
		};
/* End PBXNativeTarget section */

/* Begin PBXProject section */
		18AB032F1E3640720063AD1B /* Project object */ = {
			isa = PBXProject;
			attributes = {
				LastSwiftUpdateCheck = 0820;
				LastUpgradeCheck = 0940;
				ORGANIZATIONNAME = Javacream;
				TargetAttributes = {
					18AB03361E3640720063AD1B = {
						CreatedOnToolsVersion = 8.2.1;
						LastSwiftMigration = 0940;
						ProvisioningStyle = Automatic;
					};
				};
			};
			buildConfigurationList = 18AB03321E3640720063AD1B /* Build configuration list for PBXProject "org.javacream.training.ios.people.swift" */;
			compatibilityVersion = "Xcode 3.2";
			developmentRegion = English;
			hasScannedForEncodings = 0;
			knownRegions = (
				en,
				Base,
			);
			mainGroup = 18AB032E1E3640720063AD1B;
			productRefGroup = 18AB03381E3640720063AD1B /* Products */;
			projectDirPath = "";
			projectRoot = "";
			targets = (
				18AB03361E3640720063AD1B /* org.javacream.training.ios.people.swift */,
			);
		};
/* End PBXProject section */

/* Begin PBXResourcesBuildPhase section */
		18AB03351E3640720063AD1B /* Resources */ = {
			isa = PBXResourcesBuildPhase;
			buildActionMask = 2147483647;
			files = (
				18AB03451E3640720063AD1B /* LaunchScreen.storyboard in Resources */,
				18AB03421E3640720063AD1B /* Assets.xcassets in Resources */,
				18AB03401E3640720063AD1B /* Main.storyboard in Resources */,
			);
			runOnlyForDeploymentPostprocessing = 0;
		};
/* End PBXResourcesBuildPhase section */

/* Begin PBXSourcesBuildPhase section */
		18AB03331E3640720063AD1B /* Sources */ = {
			isa = PBXSourcesBuildPhase;
			buildActionMask = 2147483647;
			files = (
				18B3F84D20ECC9A30037A0A6 /* Utilities.swift in Sources */,
				18B3F84820ECADBD0037A0A6 /* DumpViewController.swift in Sources */,
				18AB033D1E3640720063AD1B /* SaveViewController.swift in Sources */,
				18B3F84B20ECB5E20037A0A6 /* ClearViewController.swift in Sources */,
				18AB033B1E3640720063AD1B /* AppDelegate.swift in Sources */,
				18B3F82420EB96630037A0A6 /* PeopleApp.swift in Sources */,
			);
			runOnlyForDeploymentPostprocessing = 0;
		};
/* End PBXSourcesBuildPhase section */

/* Begin PBXVariantGroup section */
		18AB033E1E3640720063AD1B /* Main.storyboard */ = {
			isa = PBXVariantGroup;
			children = (
				18AB033F1E3640720063AD1B /* Base */,
				18AB034D1E3651B30063AD1B /* en */,
				18AB034E1E3654640063AD1B /* de */,
			);
			name = Main.storyboard;
			sourceTree = "<group>";
		};
		18AB03431E3640720063AD1B /* LaunchScreen.storyboard */ = {
			isa = PBXVariantGroup;
			children = (
				18AB03441E3640720063AD1B /* Base */,
				18AB034F1E3654640063AD1B /* de */,
			);
			name = LaunchScreen.storyboard;
			sourceTree = "<group>";
		};
/* End PBXVariantGroup section */

/* Begin XCBuildConfiguration section */
		18AB03471E3640720063AD1B /* Debug */ = {
			isa = XCBuildConfiguration;
			buildSettings = {
				ALWAYS_SEARCH_USER_PATHS = NO;
				CLANG_ANALYZER_LOCALIZABILITY_NONLOCALIZED = YES;
				CLANG_ANALYZER_NONNULL = YES;
				CLANG_CXX_LANGUAGE_STANDARD = "gnu++0x";
				CLANG_CXX_LIBRARY = "libc++";
				CLANG_ENABLE_MODULES = YES;
				CLANG_ENABLE_OBJC_ARC = YES;
				CLANG_WARN_BLOCK_CAPTURE_AUTORELEASING = YES;
				CLANG_WARN_BOOL_CONVERSION = YES;
				CLANG_WARN_COMMA = YES;
				CLANG_WARN_CONSTANT_CONVERSION = YES;
				CLANG_WARN_DEPRECATED_OBJC_IMPLEMENTATIONS = YES;
				CLANG_WARN_DIRECT_OBJC_ISA_USAGE = YES_ERROR;
				CLANG_WARN_DOCUMENTATION_COMMENTS = YES;
				CLANG_WARN_EMPTY_BODY = YES;
				CLANG_WARN_ENUM_CONVERSION = YES;
				CLANG_WARN_INFINITE_RECURSION = YES;
				CLANG_WARN_INT_CONVERSION = YES;
				CLANG_WARN_NON_LITERAL_NULL_CONVERSION = YES;
				CLANG_WARN_OBJC_IMPLICIT_RETAIN_SELF = YES;
				CLANG_WARN_OBJC_LITERAL_CONVERSION = YES;
				CLANG_WARN_OBJC_ROOT_CLASS = YES_ERROR;
				CLANG_WARN_RANGE_LOOP_ANALYSIS = YES;
				CLANG_WARN_STRICT_PROTOTYPES = YES;
				CLANG_WARN_SUSPICIOUS_MOVE = YES;
				CLANG_WARN_UNREACHABLE_CODE = YES;
				CLANG_WARN__DUPLICATE_METHOD_MATCH = YES;
				"CODE_SIGN_IDENTITY[sdk=iphoneos*]" = "iPhone Developer";
				COPY_PHASE_STRIP = NO;
				DEBUG_INFORMATION_FORMAT = dwarf;
				ENABLE_STRICT_OBJC_MSGSEND = YES;
				ENABLE_TESTABILITY = YES;
				GCC_C_LANGUAGE_STANDARD = gnu99;
				GCC_DYNAMIC_NO_PIC = NO;
				GCC_NO_COMMON_BLOCKS = YES;
				GCC_OPTIMIZATION_LEVEL = 0;
				GCC_PREPROCESSOR_DEFINITIONS = (
					"DEBUG=1",
					"$(inherited)",
				);
				GCC_WARN_64_TO_32_BIT_CONVERSION = YES;
				GCC_WARN_ABOUT_RETURN_TYPE = YES_ERROR;
				GCC_WARN_UNDECLARED_SELECTOR = YES;
				GCC_WARN_UNINITIALIZED_AUTOS = YES_AGGRESSIVE;
				GCC_WARN_UNUSED_FUNCTION = YES;
				GCC_WARN_UNUSED_VARIABLE = YES;
				IPHONEOS_DEPLOYMENT_TARGET = 10.2;
				MTL_ENABLE_DEBUG_INFO = YES;
				ONLY_ACTIVE_ARCH = YES;
				SDKROOT = iphoneos;
				SWIFT_ACTIVE_COMPILATION_CONDITIONS = DEBUG;
				SWIFT_OPTIMIZATION_LEVEL = "-Onone";
				TARGETED_DEVICE_FAMILY = "1,2";
			};
			name = Debug;
		};
		18AB03481E3640720063AD1B /* Release */ = {
			isa = XCBuildConfiguration;
			buildSettings = {
				ALWAYS_SEARCH_USER_PATHS = NO;
				CLANG_ANALYZER_LOCALIZABILITY_NONLOCALIZED = YES;
				CLANG_ANALYZER_NONNULL = YES;
				CLANG_CXX_LANGUAGE_STANDARD = "gnu++0x";
				CLANG_CXX_LIBRARY = "libc++";
				CLANG_ENABLE_MODULES = YES;
				CLANG_ENABLE_OBJC_ARC = YES;
				CLANG_WARN_BLOCK_CAPTURE_AUTORELEASING = YES;
				CLANG_WARN_BOOL_CONVERSION = YES;
				CLANG_WARN_COMMA = YES;
				CLANG_WARN_CONSTANT_CONVERSION = YES;
				CLANG_WARN_DEPRECATED_OBJC_IMPLEMENTATIONS = YES;
				CLANG_WARN_DIRECT_OBJC_ISA_USAGE = YES_ERROR;
				CLANG_WARN_DOCUMENTATION_COMMENTS = YES;
				CLANG_WARN_EMPTY_BODY = YES;
				CLANG_WARN_ENUM_CONVERSION = YES;
				CLANG_WARN_INFINITE_RECURSION = YES;
				CLANG_WARN_INT_CONVERSION = YES;
				CLANG_WARN_NON_LITERAL_NULL_CONVERSION = YES;
				CLANG_WARN_OBJC_IMPLICIT_RETAIN_SELF = YES;
				CLANG_WARN_OBJC_LITERAL_CONVERSION = YES;
				CLANG_WARN_OBJC_ROOT_CLASS = YES_ERROR;
				CLANG_WARN_RANGE_LOOP_ANALYSIS = YES;
				CLANG_WARN_STRICT_PROTOTYPES = YES;
				CLANG_WARN_SUSPICIOUS_MOVE = YES;
				CLANG_WARN_UNREACHABLE_CODE = YES;
				CLANG_WARN__DUPLICATE_METHOD_MATCH = YES;
				"CODE_SIGN_IDENTITY[sdk=iphoneos*]" = "iPhone Developer";
				COPY_PHASE_STRIP = NO;
				DEBUG_INFORMATION_FORMAT = "dwarf-with-dsym";
				ENABLE_NS_ASSERTIONS = NO;
				ENABLE_STRICT_OBJC_MSGSEND = YES;
				GCC_C_LANGUAGE_STANDARD = gnu99;
				GCC_NO_COMMON_BLOCKS = YES;
				GCC_WARN_64_TO_32_BIT_CONVERSION = YES;
				GCC_WARN_ABOUT_RETURN_TYPE = YES_ERROR;
				GCC_WARN_UNDECLARED_SELECTOR = YES;
				GCC_WARN_UNINITIALIZED_AUTOS = YES_AGGRESSIVE;
				GCC_WARN_UNUSED_FUNCTION = YES;
				GCC_WARN_UNUSED_VARIABLE = YES;
				IPHONEOS_DEPLOYMENT_TARGET = 10.2;
				MTL_ENABLE_DEBUG_INFO = NO;
				SDKROOT = iphoneos;
				SWIFT_OPTIMIZATION_LEVEL = "-Owholemodule";
				TARGETED_DEVICE_FAMILY = "1,2";
				VALIDATE_PRODUCT = YES;
			};
			name = Release;
		};
		18AB034A1E3640720063AD1B /* Debug */ = {
			isa = XCBuildConfiguration;
			buildSettings = {
				ASSETCATALOG_COMPILER_APPICON_NAME = AppIcon;
				INFOPLIST_FILE = org.javacream.training.ios.people.swift/Info.plist;
				LD_RUNPATH_SEARCH_PATHS = "$(inherited) @executable_path/Frameworks";
				PRODUCT_BUNDLE_IDENTIFIER = "Javacream.org-javacream-training-ios-people-swift";
				PRODUCT_NAME = "$(TARGET_NAME)";
				SWIFT_SWIFT3_OBJC_INFERENCE = On;
				SWIFT_VERSION = 4.0;
			};
			name = Debug;
		};
		18AB034B1E3640720063AD1B /* Release */ = {
			isa = XCBuildConfiguration;
			buildSettings = {
				ASSETCATALOG_COMPILER_APPICON_NAME = AppIcon;
				INFOPLIST_FILE = org.javacream.training.ios.people.swift/Info.plist;
				LD_RUNPATH_SEARCH_PATHS = "$(inherited) @executable_path/Frameworks";
				PRODUCT_BUNDLE_IDENTIFIER = "Javacream.org-javacream-training-ios-people-swift";
				PRODUCT_NAME = "$(TARGET_NAME)";
				SWIFT_SWIFT3_OBJC_INFERENCE = On;
				SWIFT_VERSION = 4.0;
			};
			name = Release;
		};
/* End XCBuildConfiguration section */

/* Begin XCConfigurationList section */
		18AB03321E3640720063AD1B /* Build configuration list for PBXProject "org.javacream.training.ios.people.swift" */ = {
			isa = XCConfigurationList;
			buildConfigurations = (
				18AB03471E3640720063AD1B /* Debug */,
				18AB03481E3640720063AD1B /* Release */,
			);
			defaultConfigurationIsVisible = 0;
			defaultConfigurationName = Release;
		};
		18AB03491E3640720063AD1B /* Build configuration list for PBXNativeTarget "org.javacream.training.ios.people.swift" */ = {
			isa = XCConfigurationList;
			buildConfigurations = (
				18AB034A1E3640720063AD1B /* Debug */,
				18AB034B1E3640720063AD1B /* Release */,
			);
			defaultConfigurationIsVisible = 0;
			defaultConfigurationName = Release;
		};
/* End XCConfigurationList section */
	};
	rootObject = 18AB032F1E3640720063AD1B /* Project object */;
}
